// !$*UTF8*$!
{
	archiveVersion = 1;
	classes = {
	};
	objectVersion = 46;
	objects = {

/* Begin PBXBuildFile section */
		24A7A825C810450BB6A7246A /* libPods.a in Frameworks */ = {isa = PBXBuildFile; fileRef = 8C49B853B1ED4754A49AD589 /* libPods.a */; };
		3418981C164A0052007A767A /* UIKit.framework in Frameworks */ = {isa = PBXBuildFile; fileRef = 3418981B164A0052007A767A /* UIKit.framework */; };
		3418981E164A0052007A767A /* Foundation.framework in Frameworks */ = {isa = PBXBuildFile; fileRef = 3418981D164A0052007A767A /* Foundation.framework */; };
		34189820164A0052007A767A /* CoreGraphics.framework in Frameworks */ = {isa = PBXBuildFile; fileRef = 3418981F164A0052007A767A /* CoreGraphics.framework */; };
		34189826164A0052007A767A /* InfoPlist.strings in Resources */ = {isa = PBXBuildFile; fileRef = 34189824164A0052007A767A /* InfoPlist.strings */; };
		34189828164A0052007A767A /* main.m in Sources */ = {isa = PBXBuildFile; fileRef = 34189827164A0052007A767A /* main.m */; };
		3418982C164A0052007A767A /* AppDelegate.m in Sources */ = {isa = PBXBuildFile; fileRef = 3418982B164A0052007A767A /* AppDelegate.m */; };
		3418982E164A0052007A767A /* Default.png in Resources */ = {isa = PBXBuildFile; fileRef = 3418982D164A0052007A767A /* Default.png */; };
		34189830164A0052007A767A /* Default@2x.png in Resources */ = {isa = PBXBuildFile; fileRef = 3418982F164A0052007A767A /* Default@2x.png */; };
		34189832164A0052007A767A /* Default-568h@2x.png in Resources */ = {isa = PBXBuildFile; fileRef = 34189831164A0052007A767A /* Default-568h@2x.png */; };
		3418983A164A0052007A767A /* SenTestingKit.framework in Frameworks */ = {isa = PBXBuildFile; fileRef = 34189839164A0052007A767A /* SenTestingKit.framework */; };
		3418983B164A0052007A767A /* UIKit.framework in Frameworks */ = {isa = PBXBuildFile; fileRef = 3418981B164A0052007A767A /* UIKit.framework */; };
		3418983C164A0052007A767A /* Foundation.framework in Frameworks */ = {isa = PBXBuildFile; fileRef = 3418981D164A0052007A767A /* Foundation.framework */; };
		34189844164A0052007A767A /* InfoPlist.strings in Resources */ = {isa = PBXBuildFile; fileRef = 34189842164A0052007A767A /* InfoPlist.strings */; };
		34189847164A0052007A767A /* naiostestTests.m in Sources */ = {isa = PBXBuildFile; fileRef = 34189846164A0052007A767A /* naiostestTests.m */; };
		34189926164A0086007A767A /* NSFetchRequest+na.m in Sources */ = {isa = PBXBuildFile; fileRef = 34189854164A0086007A767A /* NSFetchRequest+na.m */; };
		34189927164A0086007A767A /* NSManagedObject+na.m in Sources */ = {isa = PBXBuildFile; fileRef = 34189856164A0086007A767A /* NSManagedObject+na.m */; };
		34189928164A0086007A767A /* NSManagedObjectContext+na.m in Sources */ = {isa = PBXBuildFile; fileRef = 34189858164A0086007A767A /* NSManagedObjectContext+na.m */; };
		34189929164A0086007A767A /* NSPredicate+na.m in Sources */ = {isa = PBXBuildFile; fileRef = 3418985A164A0086007A767A /* NSPredicate+na.m */; };
		3418992A164A0086007A767A /* NAModelController.m in Sources */ = {isa = PBXBuildFile; fileRef = 3418985D164A0086007A767A /* NAModelController.m */; };
		3418994B164A0086007A767A /* NSDictionaryTransformer.m in Sources */ = {isa = PBXBuildFile; fileRef = 3418988C164A0086007A767A /* NSDictionaryTransformer.m */; };
		34189957164A0086007A767A /* NAFRCDelegateTableViewController.m in Sources */ = {isa = PBXBuildFile; fileRef = 341898AA164A0086007A767A /* NAFRCDelegateTableViewController.m */; };
		34189958164A0086007A767A /* NAFRCTableViewController.m in Sources */ = {isa = PBXBuildFile; fileRef = 341898AC164A0086007A767A /* NAFRCTableViewController.m */; };
		34189959164A0086007A767A /* NAFRCTableWithAppendViewController.m in Sources */ = {isa = PBXBuildFile; fileRef = 341898AE164A0086007A767A /* NAFRCTableWithAppendViewController.m */; };
		3418995A164A0086007A767A /* NAValidator.m in Sources */ = {isa = PBXBuildFile; fileRef = 341898B1164A0086007A767A /* NAValidator.m */; };
		3418995B164A0086007A767A /* NAFormValue.m in Sources */ = {isa = PBXBuildFile; fileRef = 341898B4164A0086007A767A /* NAFormValue.m */; };
		3418995C164A0086007A767A /* NAMultipleFormValue.m in Sources */ = {isa = PBXBuildFile; fileRef = 341898B6164A0086007A767A /* NAMultipleFormValue.m */; };
		3418995D164A0086007A767A /* NAMultipleSelectFormValue.m in Sources */ = {isa = PBXBuildFile; fileRef = 341898B8164A0086007A767A /* NAMultipleSelectFormValue.m */; };
		3418995E164A0086007A767A /* NASelectFormValue.m in Sources */ = {isa = PBXBuildFile; fileRef = 341898BA164A0086007A767A /* NASelectFormValue.m */; };
		3418995F164A0086007A767A /* NAFormCell.m in Sources */ = {isa = PBXBuildFile; fileRef = 341898BE164A0086007A767A /* NAFormCell.m */; };
		34189960164A0086007A767A /* NAFormPushCell.m in Sources */ = {isa = PBXBuildFile; fileRef = 341898C0164A0086007A767A /* NAFormPushCell.m */; };
		34189961164A0086007A767A /* NAFormTextFieldCell.m in Sources */ = {isa = PBXBuildFile; fileRef = 341898C2164A0086007A767A /* NAFormTextFieldCell.m */; };
		34189962164A0086007A767A /* NAFormTableViewController.m in Sources */ = {isa = PBXBuildFile; fileRef = 341898C4164A0086007A767A /* NAFormTableViewController.m */; };
		34189963164A0086007A767A /* NAMultipleSelectFormTableViewController.m in Sources */ = {isa = PBXBuildFile; fileRef = 341898C6164A0086007A767A /* NAMultipleSelectFormTableViewController.m */; };
		34189964164A0086007A767A /* NASelectFormTableViewController.m in Sources */ = {isa = PBXBuildFile; fileRef = 341898C8164A0086007A767A /* NASelectFormTableViewController.m */; };
		34189965164A0086007A767A /* NANetworkGCDHelper.m in Sources */ = {isa = PBXBuildFile; fileRef = 341898CF164A0086007A767A /* NANetworkGCDHelper.m */; };
		3418998B164A0086007A767A /* make_help.sh in Resources */ = {isa = PBXBuildFile; fileRef = 34189903164A0086007A767A /* make_help.sh */; };
		3418998C164A0086007A767A /* NANetworkActivityIndicatorManager.m in Sources */ = {isa = PBXBuildFile; fileRef = 34189905164A0086007A767A /* NANetworkActivityIndicatorManager.m */; };
		3418998D164A0086007A767A /* NANetworkConfig.m in Sources */ = {isa = PBXBuildFile; fileRef = 34189907164A0086007A767A /* NANetworkConfig.m */; };
		3418998E164A0086007A767A /* NSURLRequest+na.m in Sources */ = {isa = PBXBuildFile; fileRef = 34189909164A0086007A767A /* NSURLRequest+na.m */; };
		3418998F164A0086007A767A /* NABaseNetworkOperation.m in Sources */ = {isa = PBXBuildFile; fileRef = 3418990C164A0086007A767A /* NABaseNetworkOperation.m */; };
		34189990164A0086007A767A /* NANetworkOperation.m in Sources */ = {isa = PBXBuildFile; fileRef = 3418990E164A0086007A767A /* NANetworkOperation.m */; };
		34189991164A0086007A767A /* NSOperationQueue+na.m in Sources */ = {isa = PBXBuildFile; fileRef = 34189910164A0086007A767A /* NSOperationQueue+na.m */; };
		34189993164A0086007A767A /* NAAsyncOCUnit.m in Sources */ = {isa = PBXBuildFile; fileRef = 34189914164A0086007A767A /* NAAsyncOCUnit.m */; };
		34189994164A0086007A767A /* NATheme.m in Sources */ = {isa = PBXBuildFile; fileRef = 34189917164A0086007A767A /* NATheme.m */; };
		34189995164A0086007A767A /* NAViewController.m in Sources */ = {isa = PBXBuildFile; fileRef = 3418991A164A0086007A767A /* NAViewController.m */; };
		34189996164A0086007A767A /* NATableViewCell.m in Sources */ = {isa = PBXBuildFile; fileRef = 3418991F164A0086007A767A /* NATableViewCell.m */; };
		34189997164A0086007A767A /* NATextLabelCell.m in Sources */ = {isa = PBXBuildFile; fileRef = 34189921164A0086007A767A /* NATextLabelCell.m */; };
		34189998164A0086007A767A /* NAArrayTableViewController.m in Sources */ = {isa = PBXBuildFile; fileRef = 34189923164A0086007A767A /* NAArrayTableViewController.m */; };
		34189999164A0086007A767A /* NATableViewController.m in Sources */ = {isa = PBXBuildFile; fileRef = 34189925164A0086007A767A /* NATableViewController.m */; };
		349A6138164A015100C9EFDD /* CoreData.framework in Frameworks */ = {isa = PBXBuildFile; fileRef = 349A6137164A015100C9EFDD /* CoreData.framework */; };
		349A62E4164A0FCE00C9EFDD /* NSManagedObject+syncobject.m in Sources */ = {isa = PBXBuildFile; fileRef = 349A62DE164A0FCE00C9EFDD /* NSManagedObject+syncobject.m */; };
		349A62E5164A0FCE00C9EFDD /* syncmodel.xcdatamodeld in Sources */ = {isa = PBXBuildFile; fileRef = 349A62E0164A0FCE00C9EFDD /* syncmodel.xcdatamodeld */; };
		349A6301164A0FD400C9EFDD /* NADefaultRestDriver.m in Sources */ = {isa = PBXBuildFile; fileRef = 349A62EB164A0FD400C9EFDD /* NADefaultRestDriver.m */; };
		349A6302164A0FD400C9EFDD /* NARestHelper.m in Sources */ = {isa = PBXBuildFile; fileRef = 349A62EF164A0FD400C9EFDD /* NARestHelper.m */; };
		349A6303164A0FD400C9EFDD /* NARestQueryObject.m in Sources */ = {isa = PBXBuildFile; fileRef = 349A62F1164A0FD400C9EFDD /* NARestQueryObject.m */; };
		349A6304164A0FD400C9EFDD /* NSManagedObject+reciever.m in Sources */ = {isa = PBXBuildFile; fileRef = 349A62F5164A0FD400C9EFDD /* NSManagedObject+reciever.m */; };
		349A6305164A0FD400C9EFDD /* NSManagedObject+rest.m in Sources */ = {isa = PBXBuildFile; fileRef = 349A62F7164A0FD400C9EFDD /* NSManagedObject+rest.m */; };
		349A6306164A0FD400C9EFDD /* NSManagedObject+restobject.m in Sources */ = {isa = PBXBuildFile; fileRef = 349A62F9164A0FD400C9EFDD /* NSManagedObject+restobject.m */; };
		349A6307164A0FD400C9EFDD /* NSManagedObject+serverobject.m in Sources */ = {isa = PBXBuildFile; fileRef = 349A62FB164A0FD400C9EFDD /* NSManagedObject+serverobject.m */; };
		349A6308164A0FD400C9EFDD /* NSManagedObject+sync.m in Sources */ = {isa = PBXBuildFile; fileRef = 349A62FD164A0FD400C9EFDD /* NSManagedObject+sync.m */; };
		349A6309164A0FD400C9EFDD /* restmodel.xcdatamodeld in Sources */ = {isa = PBXBuildFile; fileRef = 349A62FF164A0FD400C9EFDD /* restmodel.xcdatamodeld */; };
/* End PBXBuildFile section */

/* Begin PBXContainerItemProxy section */
		3418983D164A0052007A767A /* PBXContainerItemProxy */ = {
			isa = PBXContainerItemProxy;
			containerPortal = 3418980E164A0052007A767A /* Project object */;
			proxyType = 1;
			remoteGlobalIDString = 34189816164A0052007A767A;
			remoteInfo = naiostest;
		};
/* End PBXContainerItemProxy section */

/* Begin PBXFileReference section */
		24FBF6E034DC42E8A0507E80 /* Pods.xcconfig */ = {isa = PBXFileReference; includeInIndex = 1; lastKnownFileType = text.xcconfig; name = Pods.xcconfig; path = Pods/Pods.xcconfig; sourceTree = SOURCE_ROOT; };
		34189817164A0052007A767A /* naiostest.app */ = {isa = PBXFileReference; explicitFileType = wrapper.application; includeInIndex = 0; path = naiostest.app; sourceTree = BUILT_PRODUCTS_DIR; };
		3418981B164A0052007A767A /* UIKit.framework */ = {isa = PBXFileReference; includeInIndex = 1; lastKnownFileType = wrapper.framework; name = UIKit.framework; path = System/Library/Frameworks/UIKit.framework; sourceTree = SDKROOT; };
		3418981D164A0052007A767A /* Foundation.framework */ = {isa = PBXFileReference; includeInIndex = 1; lastKnownFileType = wrapper.framework; name = Foundation.framework; path = System/Library/Frameworks/Foundation.framework; sourceTree = SDKROOT; };
		3418981F164A0052007A767A /* CoreGraphics.framework */ = {isa = PBXFileReference; includeInIndex = 1; lastKnownFileType = wrapper.framework; name = CoreGraphics.framework; path = System/Library/Frameworks/CoreGraphics.framework; sourceTree = SDKROOT; };
		34189823164A0052007A767A /* naiostest-Info.plist */ = {isa = PBXFileReference; lastKnownFileType = text.plist.xml; path = "naiostest-Info.plist"; sourceTree = "<group>"; };
		34189825164A0052007A767A /* en */ = {isa = PBXFileReference; lastKnownFileType = text.plist.strings; name = en; path = en.lproj/InfoPlist.strings; sourceTree = "<group>"; };
		34189827164A0052007A767A /* main.m */ = {isa = PBXFileReference; lastKnownFileType = sourcecode.c.objc; path = main.m; sourceTree = "<group>"; };
		34189829164A0052007A767A /* naiostest-Prefix.pch */ = {isa = PBXFileReference; lastKnownFileType = sourcecode.c.h; path = "naiostest-Prefix.pch"; sourceTree = "<group>"; };
		3418982A164A0052007A767A /* AppDelegate.h */ = {isa = PBXFileReference; lastKnownFileType = sourcecode.c.h; path = AppDelegate.h; sourceTree = "<group>"; };
		3418982B164A0052007A767A /* AppDelegate.m */ = {isa = PBXFileReference; lastKnownFileType = sourcecode.c.objc; path = AppDelegate.m; sourceTree = "<group>"; };
		3418982D164A0052007A767A /* Default.png */ = {isa = PBXFileReference; lastKnownFileType = image.png; path = Default.png; sourceTree = "<group>"; };
		3418982F164A0052007A767A /* Default@2x.png */ = {isa = PBXFileReference; lastKnownFileType = image.png; path = "Default@2x.png"; sourceTree = "<group>"; };
		34189831164A0052007A767A /* Default-568h@2x.png */ = {isa = PBXFileReference; lastKnownFileType = image.png; path = "Default-568h@2x.png"; sourceTree = "<group>"; };
		34189838164A0052007A767A /* naiostestTests.octest */ = {isa = PBXFileReference; explicitFileType = wrapper.cfbundle; includeInIndex = 0; path = naiostestTests.octest; sourceTree = BUILT_PRODUCTS_DIR; };
		34189839164A0052007A767A /* SenTestingKit.framework */ = {isa = PBXFileReference; lastKnownFileType = wrapper.framework; name = SenTestingKit.framework; path = Library/Frameworks/SenTestingKit.framework; sourceTree = DEVELOPER_DIR; };
		34189841164A0052007A767A /* naiostestTests-Info.plist */ = {isa = PBXFileReference; lastKnownFileType = text.plist.xml; path = "naiostestTests-Info.plist"; sourceTree = "<group>"; };
		34189843164A0052007A767A /* en */ = {isa = PBXFileReference; lastKnownFileType = text.plist.strings; name = en; path = en.lproj/InfoPlist.strings; sourceTree = "<group>"; };
		34189845164A0052007A767A /* naiostestTests.h */ = {isa = PBXFileReference; lastKnownFileType = sourcecode.c.h; path = naiostestTests.h; sourceTree = "<group>"; };
		34189846164A0052007A767A /* naiostestTests.m */ = {isa = PBXFileReference; lastKnownFileType = sourcecode.c.objc; path = naiostestTests.m; sourceTree = "<group>"; };
		34189853164A0086007A767A /* NSFetchRequest+na.h */ = {isa = PBXFileReference; fileEncoding = 4; lastKnownFileType = sourcecode.c.h; path = "NSFetchRequest+na.h"; sourceTree = "<group>"; };
		34189854164A0086007A767A /* NSFetchRequest+na.m */ = {isa = PBXFileReference; fileEncoding = 4; lastKnownFileType = sourcecode.c.objc; path = "NSFetchRequest+na.m"; sourceTree = "<group>"; };
		34189855164A0086007A767A /* NSManagedObject+na.h */ = {isa = PBXFileReference; fileEncoding = 4; lastKnownFileType = sourcecode.c.h; path = "NSManagedObject+na.h"; sourceTree = "<group>"; };
		34189856164A0086007A767A /* NSManagedObject+na.m */ = {isa = PBXFileReference; fileEncoding = 4; lastKnownFileType = sourcecode.c.objc; path = "NSManagedObject+na.m"; sourceTree = "<group>"; };
		34189857164A0086007A767A /* NSManagedObjectContext+na.h */ = {isa = PBXFileReference; fileEncoding = 4; lastKnownFileType = sourcecode.c.h; path = "NSManagedObjectContext+na.h"; sourceTree = "<group>"; };
		34189858164A0086007A767A /* NSManagedObjectContext+na.m */ = {isa = PBXFileReference; fileEncoding = 4; lastKnownFileType = sourcecode.c.objc; path = "NSManagedObjectContext+na.m"; sourceTree = "<group>"; };
		34189859164A0086007A767A /* NSPredicate+na.h */ = {isa = PBXFileReference; fileEncoding = 4; lastKnownFileType = sourcecode.c.h; path = "NSPredicate+na.h"; sourceTree = "<group>"; };
		3418985A164A0086007A767A /* NSPredicate+na.m */ = {isa = PBXFileReference; fileEncoding = 4; lastKnownFileType = sourcecode.c.objc; path = "NSPredicate+na.m"; sourceTree = "<group>"; };
		3418985C164A0086007A767A /* NAModelController.h */ = {isa = PBXFileReference; fileEncoding = 4; lastKnownFileType = sourcecode.c.h; path = NAModelController.h; sourceTree = "<group>"; };
		3418985D164A0086007A767A /* NAModelController.m */ = {isa = PBXFileReference; fileEncoding = 4; lastKnownFileType = sourcecode.c.objc; path = NAModelController.m; sourceTree = "<group>"; };
		3418988B164A0086007A767A /* NSDictionaryTransformer.h */ = {isa = PBXFileReference; fileEncoding = 4; lastKnownFileType = sourcecode.c.h; path = NSDictionaryTransformer.h; sourceTree = "<group>"; };
		3418988C164A0086007A767A /* NSDictionaryTransformer.m */ = {isa = PBXFileReference; fileEncoding = 4; lastKnownFileType = sourcecode.c.objc; path = NSDictionaryTransformer.m; sourceTree = "<group>"; };
		341898A9164A0086007A767A /* NAFRCDelegateTableViewController.h */ = {isa = PBXFileReference; fileEncoding = 4; lastKnownFileType = sourcecode.c.h; path = NAFRCDelegateTableViewController.h; sourceTree = "<group>"; };
		341898AA164A0086007A767A /* NAFRCDelegateTableViewController.m */ = {isa = PBXFileReference; fileEncoding = 4; lastKnownFileType = sourcecode.c.objc; path = NAFRCDelegateTableViewController.m; sourceTree = "<group>"; };
		341898AB164A0086007A767A /* NAFRCTableViewController.h */ = {isa = PBXFileReference; fileEncoding = 4; lastKnownFileType = sourcecode.c.h; path = NAFRCTableViewController.h; sourceTree = "<group>"; };
		341898AC164A0086007A767A /* NAFRCTableViewController.m */ = {isa = PBXFileReference; fileEncoding = 4; lastKnownFileType = sourcecode.c.objc; path = NAFRCTableViewController.m; sourceTree = "<group>"; };
		341898AD164A0086007A767A /* NAFRCTableWithAppendViewController.h */ = {isa = PBXFileReference; fileEncoding = 4; lastKnownFileType = sourcecode.c.h; path = NAFRCTableWithAppendViewController.h; sourceTree = "<group>"; };
		341898AE164A0086007A767A /* NAFRCTableWithAppendViewController.m */ = {isa = PBXFileReference; fileEncoding = 4; lastKnownFileType = sourcecode.c.objc; path = NAFRCTableWithAppendViewController.m; sourceTree = "<group>"; };
		341898B0164A0086007A767A /* NAValidator.h */ = {isa = PBXFileReference; fileEncoding = 4; lastKnownFileType = sourcecode.c.h; path = NAValidator.h; sourceTree = "<group>"; };
		341898B1164A0086007A767A /* NAValidator.m */ = {isa = PBXFileReference; fileEncoding = 4; lastKnownFileType = sourcecode.c.objc; path = NAValidator.m; sourceTree = "<group>"; };
		341898B3164A0086007A767A /* NAFormValue.h */ = {isa = PBXFileReference; fileEncoding = 4; lastKnownFileType = sourcecode.c.h; path = NAFormValue.h; sourceTree = "<group>"; };
		341898B4164A0086007A767A /* NAFormValue.m */ = {isa = PBXFileReference; fileEncoding = 4; lastKnownFileType = sourcecode.c.objc; path = NAFormValue.m; sourceTree = "<group>"; };
		341898B5164A0086007A767A /* NAMultipleFormValue.h */ = {isa = PBXFileReference; fileEncoding = 4; lastKnownFileType = sourcecode.c.h; path = NAMultipleFormValue.h; sourceTree = "<group>"; };
		341898B6164A0086007A767A /* NAMultipleFormValue.m */ = {isa = PBXFileReference; fileEncoding = 4; lastKnownFileType = sourcecode.c.objc; path = NAMultipleFormValue.m; sourceTree = "<group>"; };
		341898B7164A0086007A767A /* NAMultipleSelectFormValue.h */ = {isa = PBXFileReference; fileEncoding = 4; lastKnownFileType = sourcecode.c.h; path = NAMultipleSelectFormValue.h; sourceTree = "<group>"; };
		341898B8164A0086007A767A /* NAMultipleSelectFormValue.m */ = {isa = PBXFileReference; fileEncoding = 4; lastKnownFileType = sourcecode.c.objc; path = NAMultipleSelectFormValue.m; sourceTree = "<group>"; };
		341898B9164A0086007A767A /* NASelectFormValue.h */ = {isa = PBXFileReference; fileEncoding = 4; lastKnownFileType = sourcecode.c.h; path = NASelectFormValue.h; sourceTree = "<group>"; };
		341898BA164A0086007A767A /* NASelectFormValue.m */ = {isa = PBXFileReference; fileEncoding = 4; lastKnownFileType = sourcecode.c.objc; path = NASelectFormValue.m; sourceTree = "<group>"; };
		341898BD164A0086007A767A /* NAFormCell.h */ = {isa = PBXFileReference; fileEncoding = 4; lastKnownFileType = sourcecode.c.h; path = NAFormCell.h; sourceTree = "<group>"; };
		341898BE164A0086007A767A /* NAFormCell.m */ = {isa = PBXFileReference; fileEncoding = 4; lastKnownFileType = sourcecode.c.objc; path = NAFormCell.m; sourceTree = "<group>"; };
		341898BF164A0086007A767A /* NAFormPushCell.h */ = {isa = PBXFileReference; fileEncoding = 4; lastKnownFileType = sourcecode.c.h; path = NAFormPushCell.h; sourceTree = "<group>"; };
		341898C0164A0086007A767A /* NAFormPushCell.m */ = {isa = PBXFileReference; fileEncoding = 4; lastKnownFileType = sourcecode.c.objc; path = NAFormPushCell.m; sourceTree = "<group>"; };
		341898C1164A0086007A767A /* NAFormTextFieldCell.h */ = {isa = PBXFileReference; fileEncoding = 4; lastKnownFileType = sourcecode.c.h; path = NAFormTextFieldCell.h; sourceTree = "<group>"; };
		341898C2164A0086007A767A /* NAFormTextFieldCell.m */ = {isa = PBXFileReference; fileEncoding = 4; lastKnownFileType = sourcecode.c.objc; path = NAFormTextFieldCell.m; sourceTree = "<group>"; };
		341898C3164A0086007A767A /* NAFormTableViewController.h */ = {isa = PBXFileReference; fileEncoding = 4; lastKnownFileType = sourcecode.c.h; path = NAFormTableViewController.h; sourceTree = "<group>"; };
		341898C4164A0086007A767A /* NAFormTableViewController.m */ = {isa = PBXFileReference; fileEncoding = 4; lastKnownFileType = sourcecode.c.objc; path = NAFormTableViewController.m; sourceTree = "<group>"; };
		341898C5164A0086007A767A /* NAMultipleSelectFormTableViewController.h */ = {isa = PBXFileReference; fileEncoding = 4; lastKnownFileType = sourcecode.c.h; path = NAMultipleSelectFormTableViewController.h; sourceTree = "<group>"; };
		341898C6164A0086007A767A /* NAMultipleSelectFormTableViewController.m */ = {isa = PBXFileReference; fileEncoding = 4; lastKnownFileType = sourcecode.c.objc; path = NAMultipleSelectFormTableViewController.m; sourceTree = "<group>"; };
		341898C7164A0086007A767A /* NASelectFormTableViewController.h */ = {isa = PBXFileReference; fileEncoding = 4; lastKnownFileType = sourcecode.c.h; path = NASelectFormTableViewController.h; sourceTree = "<group>"; };
		341898C8164A0086007A767A /* NASelectFormTableViewController.m */ = {isa = PBXFileReference; fileEncoding = 4; lastKnownFileType = sourcecode.c.objc; path = NASelectFormTableViewController.m; sourceTree = "<group>"; };
		341898CA164A0086007A767A /* AccessorMacros.h */ = {isa = PBXFileReference; fileEncoding = 4; lastKnownFileType = sourcecode.c.h; path = AccessorMacros.h; sourceTree = "<group>"; };
		341898CB164A0086007A767A /* SingletonMactors.h */ = {isa = PBXFileReference; fileEncoding = 4; lastKnownFileType = sourcecode.c.h; path = SingletonMactors.h; sourceTree = "<group>"; };
		341898CE164A0086007A767A /* NANetworkGCDHelper.h */ = {isa = PBXFileReference; fileEncoding = 4; lastKnownFileType = sourcecode.c.h; path = NANetworkGCDHelper.h; sourceTree = "<group>"; };
		341898CF164A0086007A767A /* NANetworkGCDHelper.m */ = {isa = PBXFileReference; fileEncoding = 4; lastKnownFileType = sourcecode.c.objc; path = NANetworkGCDHelper.m; sourceTree = "<group>"; };
		34189903164A0086007A767A /* make_help.sh */ = {isa = PBXFileReference; fileEncoding = 4; lastKnownFileType = text.script.sh; path = make_help.sh; sourceTree = "<group>"; };
		34189904164A0086007A767A /* NANetworkActivityIndicatorManager.h */ = {isa = PBXFileReference; fileEncoding = 4; lastKnownFileType = sourcecode.c.h; path = NANetworkActivityIndicatorManager.h; sourceTree = "<group>"; };
		34189905164A0086007A767A /* NANetworkActivityIndicatorManager.m */ = {isa = PBXFileReference; fileEncoding = 4; lastKnownFileType = sourcecode.c.objc; path = NANetworkActivityIndicatorManager.m; sourceTree = "<group>"; };
		34189906164A0086007A767A /* NANetworkConfig.h */ = {isa = PBXFileReference; fileEncoding = 4; lastKnownFileType = sourcecode.c.h; path = NANetworkConfig.h; sourceTree = "<group>"; };
		34189907164A0086007A767A /* NANetworkConfig.m */ = {isa = PBXFileReference; fileEncoding = 4; lastKnownFileType = sourcecode.c.objc; path = NANetworkConfig.m; sourceTree = "<group>"; };
		34189908164A0086007A767A /* NSURLRequest+na.h */ = {isa = PBXFileReference; fileEncoding = 4; lastKnownFileType = sourcecode.c.h; path = "NSURLRequest+na.h"; sourceTree = "<group>"; };
		34189909164A0086007A767A /* NSURLRequest+na.m */ = {isa = PBXFileReference; fileEncoding = 4; lastKnownFileType = sourcecode.c.objc; path = "NSURLRequest+na.m"; sourceTree = "<group>"; };
		3418990B164A0086007A767A /* NABaseNetworkOperation.h */ = {isa = PBXFileReference; fileEncoding = 4; lastKnownFileType = sourcecode.c.h; path = NABaseNetworkOperation.h; sourceTree = "<group>"; };
		3418990C164A0086007A767A /* NABaseNetworkOperation.m */ = {isa = PBXFileReference; fileEncoding = 4; lastKnownFileType = sourcecode.c.objc; path = NABaseNetworkOperation.m; sourceTree = "<group>"; };
		3418990D164A0086007A767A /* NANetworkOperation.h */ = {isa = PBXFileReference; fileEncoding = 4; lastKnownFileType = sourcecode.c.h; path = NANetworkOperation.h; sourceTree = "<group>"; };
		3418990E164A0086007A767A /* NANetworkOperation.m */ = {isa = PBXFileReference; fileEncoding = 4; lastKnownFileType = sourcecode.c.objc; path = NANetworkOperation.m; sourceTree = "<group>"; };
		3418990F164A0086007A767A /* NSOperationQueue+na.h */ = {isa = PBXFileReference; fileEncoding = 4; lastKnownFileType = sourcecode.c.h; path = "NSOperationQueue+na.h"; sourceTree = "<group>"; };
		34189910164A0086007A767A /* NSOperationQueue+na.m */ = {isa = PBXFileReference; fileEncoding = 4; lastKnownFileType = sourcecode.c.objc; path = "NSOperationQueue+na.m"; sourceTree = "<group>"; };
		34189913164A0086007A767A /* NAAsyncOCUnit.h */ = {isa = PBXFileReference; fileEncoding = 4; lastKnownFileType = sourcecode.c.h; path = NAAsyncOCUnit.h; sourceTree = "<group>"; };
		34189914164A0086007A767A /* NAAsyncOCUnit.m */ = {isa = PBXFileReference; fileEncoding = 4; lastKnownFileType = sourcecode.c.objc; path = NAAsyncOCUnit.m; sourceTree = "<group>"; };
		34189916164A0086007A767A /* NATheme.h */ = {isa = PBXFileReference; fileEncoding = 4; lastKnownFileType = sourcecode.c.h; path = NATheme.h; sourceTree = "<group>"; };
		34189917164A0086007A767A /* NATheme.m */ = {isa = PBXFileReference; fileEncoding = 4; lastKnownFileType = sourcecode.c.objc; path = NATheme.m; sourceTree = "<group>"; };
		34189919164A0086007A767A /* NAViewController.h */ = {isa = PBXFileReference; fileEncoding = 4; lastKnownFileType = sourcecode.c.h; path = NAViewController.h; sourceTree = "<group>"; };
		3418991A164A0086007A767A /* NAViewController.m */ = {isa = PBXFileReference; fileEncoding = 4; lastKnownFileType = sourcecode.c.objc; path = NAViewController.m; sourceTree = "<group>"; };
		3418991B164A0086007A767A /* NAViewControllerProtocol.h */ = {isa = PBXFileReference; fileEncoding = 4; lastKnownFileType = sourcecode.c.h; path = NAViewControllerProtocol.h; sourceTree = "<group>"; };
		3418991E164A0086007A767A /* NATableViewCell.h */ = {isa = PBXFileReference; fileEncoding = 4; lastKnownFileType = sourcecode.c.h; path = NATableViewCell.h; sourceTree = "<group>"; };
		3418991F164A0086007A767A /* NATableViewCell.m */ = {isa = PBXFileReference; fileEncoding = 4; lastKnownFileType = sourcecode.c.objc; path = NATableViewCell.m; sourceTree = "<group>"; };
		34189920164A0086007A767A /* NATextLabelCell.h */ = {isa = PBXFileReference; fileEncoding = 4; lastKnownFileType = sourcecode.c.h; path = NATextLabelCell.h; sourceTree = "<group>"; };
		34189921164A0086007A767A /* NATextLabelCell.m */ = {isa = PBXFileReference; fileEncoding = 4; lastKnownFileType = sourcecode.c.objc; path = NATextLabelCell.m; sourceTree = "<group>"; };
		34189922164A0086007A767A /* NAArrayTableViewController.h */ = {isa = PBXFileReference; fileEncoding = 4; lastKnownFileType = sourcecode.c.h; path = NAArrayTableViewController.h; sourceTree = "<group>"; };
		34189923164A0086007A767A /* NAArrayTableViewController.m */ = {isa = PBXFileReference; fileEncoding = 4; lastKnownFileType = sourcecode.c.objc; path = NAArrayTableViewController.m; sourceTree = "<group>"; };
		34189924164A0086007A767A /* NATableViewController.h */ = {isa = PBXFileReference; fileEncoding = 4; lastKnownFileType = sourcecode.c.h; path = NATableViewController.h; sourceTree = "<group>"; };
		34189925164A0086007A767A /* NATableViewController.m */ = {isa = PBXFileReference; fileEncoding = 4; lastKnownFileType = sourcecode.c.objc; path = NATableViewController.m; sourceTree = "<group>"; };
		349A6137164A015100C9EFDD /* CoreData.framework */ = {isa = PBXFileReference; lastKnownFileType = wrapper.framework; name = CoreData.framework; path = System/Library/Frameworks/CoreData.framework; sourceTree = SDKROOT; };
		349A62DD164A0FCE00C9EFDD /* NSManagedObject+syncobject.h */ = {isa = PBXFileReference; fileEncoding = 4; lastKnownFileType = sourcecode.c.h; path = "NSManagedObject+syncobject.h"; sourceTree = "<group>"; };
		349A62DE164A0FCE00C9EFDD /* NSManagedObject+syncobject.m */ = {isa = PBXFileReference; fileEncoding = 4; lastKnownFileType = sourcecode.c.objc; path = "NSManagedObject+syncobject.m"; sourceTree = "<group>"; };
		349A62DF164A0FCE00C9EFDD /* NASyncModelProtocol.h */ = {isa = PBXFileReference; fileEncoding = 4; lastKnownFileType = sourcecode.c.h; path = NASyncModelProtocol.h; sourceTree = "<group>"; };
		349A62E1164A0FCE00C9EFDD /* syncmodel.xcdatamodel */ = {isa = PBXFileReference; lastKnownFileType = wrapper.xcdatamodel; path = syncmodel.xcdatamodel; sourceTree = "<group>"; };
		349A62EA164A0FD400C9EFDD /* NADefaultRestDriver.h */ = {isa = PBXFileReference; fileEncoding = 4; lastKnownFileType = sourcecode.c.h; path = NADefaultRestDriver.h; sourceTree = "<group>"; };
		349A62EB164A0FD400C9EFDD /* NADefaultRestDriver.m */ = {isa = PBXFileReference; fileEncoding = 4; lastKnownFileType = sourcecode.c.objc; path = NADefaultRestDriver.m; sourceTree = "<group>"; };
		349A62EC164A0FD400C9EFDD /* NARestDriverProtocol.h */ = {isa = PBXFileReference; fileEncoding = 4; lastKnownFileType = sourcecode.c.h; path = NARestDriverProtocol.h; sourceTree = "<group>"; };
		349A62EE164A0FD400C9EFDD /* NARestHelper.h */ = {isa = PBXFileReference; fileEncoding = 4; lastKnownFileType = sourcecode.c.h; path = NARestHelper.h; sourceTree = "<group>"; };
		349A62EF164A0FD400C9EFDD /* NARestHelper.m */ = {isa = PBXFileReference; fileEncoding = 4; lastKnownFileType = sourcecode.c.objc; path = NARestHelper.m; sourceTree = "<group>"; };
		349A62F0164A0FD400C9EFDD /* NARestQueryObject.h */ = {isa = PBXFileReference; fileEncoding = 4; lastKnownFileType = sourcecode.c.h; path = NARestQueryObject.h; sourceTree = "<group>"; };
		349A62F1164A0FD400C9EFDD /* NARestQueryObject.m */ = {isa = PBXFileReference; fileEncoding = 4; lastKnownFileType = sourcecode.c.objc; path = NARestQueryObject.m; sourceTree = "<group>"; };
		349A62F4164A0FD400C9EFDD /* NSManagedObject+reciever.h */ = {isa = PBXFileReference; fileEncoding = 4; lastKnownFileType = sourcecode.c.h; path = "NSManagedObject+reciever.h"; sourceTree = "<group>"; };
		349A62F5164A0FD400C9EFDD /* NSManagedObject+reciever.m */ = {isa = PBXFileReference; fileEncoding = 4; lastKnownFileType = sourcecode.c.objc; path = "NSManagedObject+reciever.m"; sourceTree = "<group>"; };
		349A62F6164A0FD400C9EFDD /* NSManagedObject+rest.h */ = {isa = PBXFileReference; fileEncoding = 4; lastKnownFileType = sourcecode.c.h; path = "NSManagedObject+rest.h"; sourceTree = "<group>"; };
		349A62F7164A0FD400C9EFDD /* NSManagedObject+rest.m */ = {isa = PBXFileReference; fileEncoding = 4; lastKnownFileType = sourcecode.c.objc; path = "NSManagedObject+rest.m"; sourceTree = "<group>"; };
		349A62F8164A0FD400C9EFDD /* NSManagedObject+restobject.h */ = {isa = PBXFileReference; fileEncoding = 4; lastKnownFileType = sourcecode.c.h; path = "NSManagedObject+restobject.h"; sourceTree = "<group>"; };
		349A62F9164A0FD400C9EFDD /* NSManagedObject+restobject.m */ = {isa = PBXFileReference; fileEncoding = 4; lastKnownFileType = sourcecode.c.objc; path = "NSManagedObject+restobject.m"; sourceTree = "<group>"; };
		349A62FA164A0FD400C9EFDD /* NSManagedObject+serverobject.h */ = {isa = PBXFileReference; fileEncoding = 4; lastKnownFileType = sourcecode.c.h; path = "NSManagedObject+serverobject.h"; sourceTree = "<group>"; };
		349A62FB164A0FD400C9EFDD /* NSManagedObject+serverobject.m */ = {isa = PBXFileReference; fileEncoding = 4; lastKnownFileType = sourcecode.c.objc; path = "NSManagedObject+serverobject.m"; sourceTree = "<group>"; };
		349A62FC164A0FD400C9EFDD /* NSManagedObject+sync.h */ = {isa = PBXFileReference; fileEncoding = 4; lastKnownFileType = sourcecode.c.h; path = "NSManagedObject+sync.h"; sourceTree = "<group>"; };
		349A62FD164A0FD400C9EFDD /* NSManagedObject+sync.m */ = {isa = PBXFileReference; fileEncoding = 4; lastKnownFileType = sourcecode.c.objc; path = "NSManagedObject+sync.m"; sourceTree = "<group>"; };
		349A62FE164A0FD400C9EFDD /* NARestObjectProtocol.h */ = {isa = PBXFileReference; fileEncoding = 4; lastKnownFileType = sourcecode.c.h; path = NARestObjectProtocol.h; sourceTree = "<group>"; };
		349A6300164A0FD400C9EFDD /* restmodel.xcdatamodel */ = {isa = PBXFileReference; lastKnownFileType = wrapper.xcdatamodel; path = restmodel.xcdatamodel; sourceTree = "<group>"; };
		8C49B853B1ED4754A49AD589 /* libPods.a */ = {isa = PBXFileReference; explicitFileType = archive.ar; includeInIndex = 0; path = libPods.a; sourceTree = BUILT_PRODUCTS_DIR; };
/* End PBXFileReference section */

/* Begin PBXFrameworksBuildPhase section */
		34189814164A0052007A767A /* Frameworks */ = {
			isa = PBXFrameworksBuildPhase;
			buildActionMask = 2147483647;
			files = (
				349A6138164A015100C9EFDD /* CoreData.framework in Frameworks */,
				3418981C164A0052007A767A /* UIKit.framework in Frameworks */,
				3418981E164A0052007A767A /* Foundation.framework in Frameworks */,
				34189820164A0052007A767A /* CoreGraphics.framework in Frameworks */,
				24A7A825C810450BB6A7246A /* libPods.a in Frameworks */,
			);
			runOnlyForDeploymentPostprocessing = 0;
		};
		34189834164A0052007A767A /* Frameworks */ = {
			isa = PBXFrameworksBuildPhase;
			buildActionMask = 2147483647;
			files = (
				3418983A164A0052007A767A /* SenTestingKit.framework in Frameworks */,
				3418983B164A0052007A767A /* UIKit.framework in Frameworks */,
				3418983C164A0052007A767A /* Foundation.framework in Frameworks */,
			);
			runOnlyForDeploymentPostprocessing = 0;
		};
/* End PBXFrameworksBuildPhase section */

/* Begin PBXGroup section */
		3418980C164A0052007A767A = {
			isa = PBXGroup;
			children = (
				349A6137164A015100C9EFDD /* CoreData.framework */,
				34189850164A006B007A767A /* lib */,
				34189821164A0052007A767A /* naiostest */,
				3418983F164A0052007A767A /* naiostestTests */,
				3418981A164A0052007A767A /* Frameworks */,
				34189818164A0052007A767A /* Products */,
				24FBF6E034DC42E8A0507E80 /* Pods.xcconfig */,
			);
			sourceTree = "<group>";
		};
		34189818164A0052007A767A /* Products */ = {
			isa = PBXGroup;
			children = (
				34189817164A0052007A767A /* naiostest.app */,
				34189838164A0052007A767A /* naiostestTests.octest */,
			);
			name = Products;
			sourceTree = "<group>";
		};
		3418981A164A0052007A767A /* Frameworks */ = {
			isa = PBXGroup;
			children = (
				3418981B164A0052007A767A /* UIKit.framework */,
				3418981D164A0052007A767A /* Foundation.framework */,
				3418981F164A0052007A767A /* CoreGraphics.framework */,
				34189839164A0052007A767A /* SenTestingKit.framework */,
				8C49B853B1ED4754A49AD589 /* libPods.a */,
			);
			name = Frameworks;
			sourceTree = "<group>";
		};
		34189821164A0052007A767A /* naiostest */ = {
			isa = PBXGroup;
			children = (
				3418982A164A0052007A767A /* AppDelegate.h */,
				3418982B164A0052007A767A /* AppDelegate.m */,
				34189822164A0052007A767A /* Supporting Files */,
			);
			path = naiostest;
			sourceTree = "<group>";
		};
		34189822164A0052007A767A /* Supporting Files */ = {
			isa = PBXGroup;
			children = (
				34189823164A0052007A767A /* naiostest-Info.plist */,
				34189824164A0052007A767A /* InfoPlist.strings */,
				34189827164A0052007A767A /* main.m */,
				34189829164A0052007A767A /* naiostest-Prefix.pch */,
				3418982D164A0052007A767A /* Default.png */,
				3418982F164A0052007A767A /* Default@2x.png */,
				34189831164A0052007A767A /* Default-568h@2x.png */,
			);
			name = "Supporting Files";
			sourceTree = "<group>";
		};
		3418983F164A0052007A767A /* naiostestTests */ = {
			isa = PBXGroup;
			children = (
				34189845164A0052007A767A /* naiostestTests.h */,
				34189846164A0052007A767A /* naiostestTests.m */,
				34189840164A0052007A767A /* Supporting Files */,
			);
			path = naiostestTests;
			sourceTree = "<group>";
		};
		34189840164A0052007A767A /* Supporting Files */ = {
			isa = PBXGroup;
			children = (
				34189841164A0052007A767A /* naiostestTests-Info.plist */,
				34189842164A0052007A767A /* InfoPlist.strings */,
			);
			name = "Supporting Files";
			sourceTree = "<group>";
		};
		34189850164A006B007A767A /* lib */ = {
			isa = PBXGroup;
			children = (
				349A62E8164A0FD400C9EFDD /* coredata_rest */,
				349A62D8164A0FCE00C9EFDD /* coredata_sync */,
				34189851164A0086007A767A /* coredata */,
				341898A5164A0086007A767A /* coredata_ui */,
				341898AF164A0086007A767A /* form */,
				341898C9164A0086007A767A /* macro */,
				341898CC164A0086007A767A /* network */,
				34189912164A0086007A767A /* ocunit */,
				34189915164A0086007A767A /* theme */,
				34189918164A0086007A767A /* ui */,
			);
			name = lib;
			sourceTree = "<group>";
		};
		34189851164A0086007A767A /* coredata */ = {
			isa = PBXGroup;
			children = (
				34189852164A0086007A767A /* categories */,
				3418985B164A0086007A767A /* controllers */,
				3418988A164A0086007A767A /* models */,
			);
			name = coredata;
			path = ../../coredata;
			sourceTree = "<group>";
		};
		34189852164A0086007A767A /* categories */ = {
			isa = PBXGroup;
			children = (
				34189853164A0086007A767A /* NSFetchRequest+na.h */,
				34189854164A0086007A767A /* NSFetchRequest+na.m */,
				34189855164A0086007A767A /* NSManagedObject+na.h */,
				34189856164A0086007A767A /* NSManagedObject+na.m */,
				34189857164A0086007A767A /* NSManagedObjectContext+na.h */,
				34189858164A0086007A767A /* NSManagedObjectContext+na.m */,
				34189859164A0086007A767A /* NSPredicate+na.h */,
				3418985A164A0086007A767A /* NSPredicate+na.m */,
			);
			path = categories;
			sourceTree = "<group>";
		};
		3418985B164A0086007A767A /* controllers */ = {
			isa = PBXGroup;
			children = (
				3418985C164A0086007A767A /* NAModelController.h */,
				3418985D164A0086007A767A /* NAModelController.m */,
			);
			path = controllers;
			sourceTree = "<group>";
		};
		3418988A164A0086007A767A /* models */ = {
			isa = PBXGroup;
			children = (
				3418988B164A0086007A767A /* NSDictionaryTransformer.h */,
				3418988C164A0086007A767A /* NSDictionaryTransformer.m */,
			);
			path = models;
			sourceTree = "<group>";
		};
		341898A5164A0086007A767A /* coredata_ui */ = {
			isa = PBXGroup;
			children = (
				341898A7164A0086007A767A /* table */,
			);
			name = coredata_ui;
			path = ../../coredata_ui;
			sourceTree = "<group>";
		};
		341898A7164A0086007A767A /* table */ = {
			isa = PBXGroup;
			children = (
				341898A8164A0086007A767A /* cell */,
				341898A9164A0086007A767A /* NAFRCDelegateTableViewController.h */,
				341898AA164A0086007A767A /* NAFRCDelegateTableViewController.m */,
				341898AB164A0086007A767A /* NAFRCTableViewController.h */,
				341898AC164A0086007A767A /* NAFRCTableViewController.m */,
				341898AD164A0086007A767A /* NAFRCTableWithAppendViewController.h */,
				341898AE164A0086007A767A /* NAFRCTableWithAppendViewController.m */,
			);
			path = table;
			sourceTree = "<group>";
		};
		341898A8164A0086007A767A /* cell */ = {
			isa = PBXGroup;
			children = (
			);
			path = cell;
			sourceTree = "<group>";
		};
		341898AF164A0086007A767A /* form */ = {
			isa = PBXGroup;
			children = (
				341898B0164A0086007A767A /* NAValidator.h */,
				341898B1164A0086007A767A /* NAValidator.m */,
				341898B2164A0086007A767A /* objects */,
				341898BB164A0086007A767A /* views */,
			);
			name = form;
			path = ../../form;
			sourceTree = "<group>";
		};
		341898B2164A0086007A767A /* objects */ = {
			isa = PBXGroup;
			children = (
				341898B3164A0086007A767A /* NAFormValue.h */,
				341898B4164A0086007A767A /* NAFormValue.m */,
				341898B5164A0086007A767A /* NAMultipleFormValue.h */,
				341898B6164A0086007A767A /* NAMultipleFormValue.m */,
				341898B7164A0086007A767A /* NAMultipleSelectFormValue.h */,
				341898B8164A0086007A767A /* NAMultipleSelectFormValue.m */,
				341898B9164A0086007A767A /* NASelectFormValue.h */,
				341898BA164A0086007A767A /* NASelectFormValue.m */,
			);
			path = objects;
			sourceTree = "<group>";
		};
		341898BB164A0086007A767A /* views */ = {
			isa = PBXGroup;
			children = (
				341898BC164A0086007A767A /* cells */,
				341898C3164A0086007A767A /* NAFormTableViewController.h */,
				341898C4164A0086007A767A /* NAFormTableViewController.m */,
				341898C5164A0086007A767A /* NAMultipleSelectFormTableViewController.h */,
				341898C6164A0086007A767A /* NAMultipleSelectFormTableViewController.m */,
				341898C7164A0086007A767A /* NASelectFormTableViewController.h */,
				341898C8164A0086007A767A /* NASelectFormTableViewController.m */,
			);
			path = views;
			sourceTree = "<group>";
		};
		341898BC164A0086007A767A /* cells */ = {
			isa = PBXGroup;
			children = (
				341898BD164A0086007A767A /* NAFormCell.h */,
				341898BE164A0086007A767A /* NAFormCell.m */,
				341898BF164A0086007A767A /* NAFormPushCell.h */,
				341898C0164A0086007A767A /* NAFormPushCell.m */,
				341898C1164A0086007A767A /* NAFormTextFieldCell.h */,
				341898C2164A0086007A767A /* NAFormTextFieldCell.m */,
			);
			path = cells;
			sourceTree = "<group>";
		};
		341898C9164A0086007A767A /* macro */ = {
			isa = PBXGroup;
			children = (
				341898CA164A0086007A767A /* AccessorMacros.h */,
				341898CB164A0086007A767A /* SingletonMactors.h */,
			);
			name = macro;
			path = ../../macro;
			sourceTree = "<group>";
		};
		341898CC164A0086007A767A /* network */ = {
			isa = PBXGroup;
			children = (
				341898CD164A0086007A767A /* gcds */,
				34189903164A0086007A767A /* make_help.sh */,
				34189904164A0086007A767A /* NANetworkActivityIndicatorManager.h */,
				34189905164A0086007A767A /* NANetworkActivityIndicatorManager.m */,
				34189906164A0086007A767A /* NANetworkConfig.h */,
				34189907164A0086007A767A /* NANetworkConfig.m */,
				34189908164A0086007A767A /* NSURLRequest+na.h */,
				34189909164A0086007A767A /* NSURLRequest+na.m */,
				3418990A164A0086007A767A /* operations */,
			);
			name = network;
			path = ../../network;
			sourceTree = "<group>";
		};
		341898CD164A0086007A767A /* gcds */ = {
			isa = PBXGroup;
			children = (
				341898CE164A0086007A767A /* NANetworkGCDHelper.h */,
				341898CF164A0086007A767A /* NANetworkGCDHelper.m */,
			);
			path = gcds;
			sourceTree = "<group>";
		};
		3418990A164A0086007A767A /* operations */ = {
			isa = PBXGroup;
			children = (
				3418990B164A0086007A767A /* NABaseNetworkOperation.h */,
				3418990C164A0086007A767A /* NABaseNetworkOperation.m */,
				3418990D164A0086007A767A /* NANetworkOperation.h */,
				3418990E164A0086007A767A /* NANetworkOperation.m */,
				3418990F164A0086007A767A /* NSOperationQueue+na.h */,
				34189910164A0086007A767A /* NSOperationQueue+na.m */,
			);
			path = operations;
			sourceTree = "<group>";
		};
		34189912164A0086007A767A /* ocunit */ = {
			isa = PBXGroup;
			children = (
				34189913164A0086007A767A /* NAAsyncOCUnit.h */,
				34189914164A0086007A767A /* NAAsyncOCUnit.m */,
			);
			name = ocunit;
			path = ../../ocunit;
			sourceTree = "<group>";
		};
		34189915164A0086007A767A /* theme */ = {
			isa = PBXGroup;
			children = (
				34189916164A0086007A767A /* NATheme.h */,
				34189917164A0086007A767A /* NATheme.m */,
			);
			name = theme;
			path = ../../theme;
			sourceTree = "<group>";
		};
		34189918164A0086007A767A /* ui */ = {
			isa = PBXGroup;
			children = (
				34189919164A0086007A767A /* NAViewController.h */,
				3418991A164A0086007A767A /* NAViewController.m */,
				3418991B164A0086007A767A /* NAViewControllerProtocol.h */,
				3418991C164A0086007A767A /* table */,
			);
			name = ui;
			path = ../../ui;
			sourceTree = "<group>";
		};
		3418991C164A0086007A767A /* table */ = {
			isa = PBXGroup;
			children = (
				3418991D164A0086007A767A /* cell */,
				34189922164A0086007A767A /* NAArrayTableViewController.h */,
				34189923164A0086007A767A /* NAArrayTableViewController.m */,
				34189924164A0086007A767A /* NATableViewController.h */,
				34189925164A0086007A767A /* NATableViewController.m */,
			);
			path = table;
			sourceTree = "<group>";
		};
		3418991D164A0086007A767A /* cell */ = {
			isa = PBXGroup;
			children = (
				3418991E164A0086007A767A /* NATableViewCell.h */,
				3418991F164A0086007A767A /* NATableViewCell.m */,
				34189920164A0086007A767A /* NATextLabelCell.h */,
				34189921164A0086007A767A /* NATextLabelCell.m */,
			);
			path = cell;
			sourceTree = "<group>";
		};
		349A62D8164A0FCE00C9EFDD /* coredata_sync */ = {
			isa = PBXGroup;
			children = (
				349A62D9164A0FCE00C9EFDD /* drivers */,
				349A62DA164A0FCE00C9EFDD /* helpers */,
				349A62DB164A0FCE00C9EFDD /* models */,
			);
			name = coredata_sync;
			path = ../../coredata_sync;
			sourceTree = "<group>";
		};
		349A62D9164A0FCE00C9EFDD /* drivers */ = {
			isa = PBXGroup;
			children = (
			);
			path = drivers;
			sourceTree = "<group>";
		};
		349A62DA164A0FCE00C9EFDD /* helpers */ = {
			isa = PBXGroup;
			children = (
			);
			path = helpers;
			sourceTree = "<group>";
		};
		349A62DB164A0FCE00C9EFDD /* models */ = {
			isa = PBXGroup;
			children = (
				349A62DC164A0FCE00C9EFDD /* categories */,
				349A62DF164A0FCE00C9EFDD /* NASyncModelProtocol.h */,
				349A62E0164A0FCE00C9EFDD /* syncmodel.xcdatamodeld */,
			);
			path = models;
			sourceTree = "<group>";
		};
		349A62DC164A0FCE00C9EFDD /* categories */ = {
			isa = PBXGroup;
			children = (
				349A62DD164A0FCE00C9EFDD /* NSManagedObject+syncobject.h */,
				349A62DE164A0FCE00C9EFDD /* NSManagedObject+syncobject.m */,
			);
			path = categories;
			sourceTree = "<group>";
		};
		349A62E8164A0FD400C9EFDD /* coredata_rest */ = {
			isa = PBXGroup;
			children = (
				349A62E9164A0FD400C9EFDD /* drivers */,
				349A62ED164A0FD400C9EFDD /* helpers */,
				349A62F2164A0FD400C9EFDD /* models */,
			);
			name = coredata_rest;
			path = ../../coredata_rest;
			sourceTree = "<group>";
		};
		349A62E9164A0FD400C9EFDD /* drivers */ = {
			isa = PBXGroup;
			children = (
				349A62EA164A0FD400C9EFDD /* NADefaultRestDriver.h */,
				349A62EB164A0FD400C9EFDD /* NADefaultRestDriver.m */,
				349A62EC164A0FD400C9EFDD /* NARestDriverProtocol.h */,
			);
			path = drivers;
			sourceTree = "<group>";
		};
		349A62ED164A0FD400C9EFDD /* helpers */ = {
			isa = PBXGroup;
			children = (
				349A62EE164A0FD400C9EFDD /* NARestHelper.h */,
				349A62EF164A0FD400C9EFDD /* NARestHelper.m */,
				349A62F0164A0FD400C9EFDD /* NARestQueryObject.h */,
				349A62F1164A0FD400C9EFDD /* NARestQueryObject.m */,
			);
			path = helpers;
			sourceTree = "<group>";
		};
		349A62F2164A0FD400C9EFDD /* models */ = {
			isa = PBXGroup;
			children = (
				349A62F3164A0FD400C9EFDD /* categories */,
				349A62FE164A0FD400C9EFDD /* NARestObjectProtocol.h */,
				349A62FF164A0FD400C9EFDD /* restmodel.xcdatamodeld */,
			);
			path = models;
			sourceTree = "<group>";
		};
		349A62F3164A0FD400C9EFDD /* categories */ = {
			isa = PBXGroup;
			children = (
				349A62F4164A0FD400C9EFDD /* NSManagedObject+reciever.h */,
				349A62F5164A0FD400C9EFDD /* NSManagedObject+reciever.m */,
				349A62F6164A0FD400C9EFDD /* NSManagedObject+rest.h */,
				349A62F7164A0FD400C9EFDD /* NSManagedObject+rest.m */,
				349A62F8164A0FD400C9EFDD /* NSManagedObject+restobject.h */,
				349A62F9164A0FD400C9EFDD /* NSManagedObject+restobject.m */,
				349A62FA164A0FD400C9EFDD /* NSManagedObject+serverobject.h */,
				349A62FB164A0FD400C9EFDD /* NSManagedObject+serverobject.m */,
				349A62FC164A0FD400C9EFDD /* NSManagedObject+sync.h */,
				349A62FD164A0FD400C9EFDD /* NSManagedObject+sync.m */,
			);
			path = categories;
			sourceTree = "<group>";
		};
/* End PBXGroup section */

/* Begin PBXNativeTarget section */
		34189816164A0052007A767A /* naiostest */ = {
			isa = PBXNativeTarget;
			buildConfigurationList = 3418984A164A0052007A767A /* Build configuration list for PBXNativeTarget "naiostest" */;
			buildPhases = (
				34189813164A0052007A767A /* Sources */,
				34189814164A0052007A767A /* Frameworks */,
				34189815164A0052007A767A /* Resources */,
				A422051DA3E44757B293117A /* Copy Pods Resources */,
			);
			buildRules = (
			);
			dependencies = (
			);
			name = naiostest;
			productName = naiostest;
			productReference = 34189817164A0052007A767A /* naiostest.app */;
			productType = "com.apple.product-type.application";
		};
		34189837164A0052007A767A /* naiostestTests */ = {
			isa = PBXNativeTarget;
			buildConfigurationList = 3418984D164A0052007A767A /* Build configuration list for PBXNativeTarget "naiostestTests" */;
			buildPhases = (
				34189833164A0052007A767A /* Sources */,
				34189834164A0052007A767A /* Frameworks */,
				34189835164A0052007A767A /* Resources */,
				34189836164A0052007A767A /* ShellScript */,
			);
			buildRules = (
			);
			dependencies = (
				3418983E164A0052007A767A /* PBXTargetDependency */,
			);
			name = naiostestTests;
			productName = naiostestTests;
			productReference = 34189838164A0052007A767A /* naiostestTests.octest */;
			productType = "com.apple.product-type.bundle";
		};
/* End PBXNativeTarget section */

/* Begin PBXProject section */
		3418980E164A0052007A767A /* Project object */ = {
			isa = PBXProject;
			attributes = {
				LastUpgradeCheck = 0450;
				ORGANIZATIONNAME = nashibao;
			};
			buildConfigurationList = 34189811164A0052007A767A /* Build configuration list for PBXProject "naiostest" */;
			compatibilityVersion = "Xcode 3.2";
			developmentRegion = English;
			hasScannedForEncodings = 0;
			knownRegions = (
				en,
			);
			mainGroup = 3418980C164A0052007A767A;
			productRefGroup = 34189818164A0052007A767A /* Products */;
			projectDirPath = "";
			projectRoot = "";
			targets = (
				34189816164A0052007A767A /* naiostest */,
				34189837164A0052007A767A /* naiostestTests */,
			);
		};
/* End PBXProject section */

/* Begin PBXResourcesBuildPhase section */
		34189815164A0052007A767A /* Resources */ = {
			isa = PBXResourcesBuildPhase;
			buildActionMask = 2147483647;
			files = (
				34189826164A0052007A767A /* InfoPlist.strings in Resources */,
				3418982E164A0052007A767A /* Default.png in Resources */,
				34189830164A0052007A767A /* Default@2x.png in Resources */,
				34189832164A0052007A767A /* Default-568h@2x.png in Resources */,
				3418998B164A0086007A767A /* make_help.sh in Resources */,
			);
			runOnlyForDeploymentPostprocessing = 0;
		};
		34189835164A0052007A767A /* Resources */ = {
			isa = PBXResourcesBuildPhase;
			buildActionMask = 2147483647;
			files = (
				34189844164A0052007A767A /* InfoPlist.strings in Resources */,
			);
			runOnlyForDeploymentPostprocessing = 0;
		};
/* End PBXResourcesBuildPhase section */

/* Begin PBXShellScriptBuildPhase section */
		34189836164A0052007A767A /* ShellScript */ = {
			isa = PBXShellScriptBuildPhase;
			buildActionMask = 2147483647;
			files = (
			);
			inputPaths = (
			);
			outputPaths = (
			);
			runOnlyForDeploymentPostprocessing = 0;
			shellPath = /bin/sh;
			shellScript = "# Run the unit tests in this test bundle.\n\"${SYSTEM_DEVELOPER_DIR}/Tools/RunUnitTests\"\n";
		};
		A422051DA3E44757B293117A /* Copy Pods Resources */ = {
			isa = PBXShellScriptBuildPhase;
			buildActionMask = 2147483647;
			files = (
			);
			inputPaths = (
			);
			name = "Copy Pods Resources";
			outputPaths = (
			);
			runOnlyForDeploymentPostprocessing = 0;
			shellPath = /bin/sh;
			shellScript = "\"${SRCROOT}/Pods/Pods-resources.sh\"\n";
		};
/* End PBXShellScriptBuildPhase section */

/* Begin PBXSourcesBuildPhase section */
		34189813164A0052007A767A /* Sources */ = {
			isa = PBXSourcesBuildPhase;
			buildActionMask = 2147483647;
			files = (
				34189828164A0052007A767A /* main.m in Sources */,
				3418982C164A0052007A767A /* AppDelegate.m in Sources */,
				34189926164A0086007A767A /* NSFetchRequest+na.m in Sources */,
				34189927164A0086007A767A /* NSManagedObject+na.m in Sources */,
				34189928164A0086007A767A /* NSManagedObjectContext+na.m in Sources */,
				34189929164A0086007A767A /* NSPredicate+na.m in Sources */,
				3418992A164A0086007A767A /* NAModelController.m in Sources */,
				3418994B164A0086007A767A /* NSDictionaryTransformer.m in Sources */,
				34189957164A0086007A767A /* NAFRCDelegateTableViewController.m in Sources */,
				34189958164A0086007A767A /* NAFRCTableViewController.m in Sources */,
				34189959164A0086007A767A /* NAFRCTableWithAppendViewController.m in Sources */,
				3418995A164A0086007A767A /* NAValidator.m in Sources */,
				3418995B164A0086007A767A /* NAFormValue.m in Sources */,
				3418995C164A0086007A767A /* NAMultipleFormValue.m in Sources */,
				3418995D164A0086007A767A /* NAMultipleSelectFormValue.m in Sources */,
				3418995E164A0086007A767A /* NASelectFormValue.m in Sources */,
				3418995F164A0086007A767A /* NAFormCell.m in Sources */,
				34189960164A0086007A767A /* NAFormPushCell.m in Sources */,
				34189961164A0086007A767A /* NAFormTextFieldCell.m in Sources */,
				34189962164A0086007A767A /* NAFormTableViewController.m in Sources */,
				34189963164A0086007A767A /* NAMultipleSelectFormTableViewController.m in Sources */,
				34189964164A0086007A767A /* NASelectFormTableViewController.m in Sources */,
				34189965164A0086007A767A /* NANetworkGCDHelper.m in Sources */,
				3418998C164A0086007A767A /* NANetworkActivityIndicatorManager.m in Sources */,
				3418998D164A0086007A767A /* NANetworkConfig.m in Sources */,
				3418998E164A0086007A767A /* NSURLRequest+na.m in Sources */,
				3418998F164A0086007A767A /* NABaseNetworkOperation.m in Sources */,
				34189990164A0086007A767A /* NANetworkOperation.m in Sources */,
				34189991164A0086007A767A /* NSOperationQueue+na.m in Sources */,
				34189993164A0086007A767A /* NAAsyncOCUnit.m in Sources */,
				34189994164A0086007A767A /* NATheme.m in Sources */,
				34189995164A0086007A767A /* NAViewController.m in Sources */,
				34189996164A0086007A767A /* NATableViewCell.m in Sources */,
				34189997164A0086007A767A /* NATextLabelCell.m in Sources */,
				34189998164A0086007A767A /* NAArrayTableViewController.m in Sources */,
				34189999164A0086007A767A /* NATableViewController.m in Sources */,
				349A62E4164A0FCE00C9EFDD /* NSManagedObject+syncobject.m in Sources */,
				349A62E5164A0FCE00C9EFDD /* syncmodel.xcdatamodeld in Sources */,
				349A6301164A0FD400C9EFDD /* NADefaultRestDriver.m in Sources */,
				349A6302164A0FD400C9EFDD /* NARestHelper.m in Sources */,
				349A6303164A0FD400C9EFDD /* NARestQueryObject.m in Sources */,
				349A6304164A0FD400C9EFDD /* NSManagedObject+reciever.m in Sources */,
				349A6305164A0FD400C9EFDD /* NSManagedObject+rest.m in Sources */,
				349A6306164A0FD400C9EFDD /* NSManagedObject+restobject.m in Sources */,
				349A6307164A0FD400C9EFDD /* NSManagedObject+serverobject.m in Sources */,
				349A6308164A0FD400C9EFDD /* NSManagedObject+sync.m in Sources */,
				349A6309164A0FD400C9EFDD /* restmodel.xcdatamodeld in Sources */,
			);
			runOnlyForDeploymentPostprocessing = 0;
		};
		34189833164A0052007A767A /* Sources */ = {
			isa = PBXSourcesBuildPhase;
			buildActionMask = 2147483647;
			files = (
				34189847164A0052007A767A /* naiostestTests.m in Sources */,
			);
			runOnlyForDeploymentPostprocessing = 0;
		};
/* End PBXSourcesBuildPhase section */

/* Begin PBXTargetDependency section */
		3418983E164A0052007A767A /* PBXTargetDependency */ = {
			isa = PBXTargetDependency;
			target = 34189816164A0052007A767A /* naiostest */;
			targetProxy = 3418983D164A0052007A767A /* PBXContainerItemProxy */;
		};
/* End PBXTargetDependency section */

/* Begin PBXVariantGroup section */
		34189824164A0052007A767A /* InfoPlist.strings */ = {
			isa = PBXVariantGroup;
			children = (
				34189825164A0052007A767A /* en */,
			);
			name = InfoPlist.strings;
			sourceTree = "<group>";
		};
		34189842164A0052007A767A /* InfoPlist.strings */ = {
			isa = PBXVariantGroup;
			children = (
				34189843164A0052007A767A /* en */,
			);
			name = InfoPlist.strings;
			sourceTree = "<group>";
		};
/* End PBXVariantGroup section */

/* Begin XCBuildConfiguration section */
		34189848164A0052007A767A /* Debug */ = {
			isa = XCBuildConfiguration;
			buildSettings = {
				ALWAYS_SEARCH_USER_PATHS = NO;
				CLANG_CXX_LANGUAGE_STANDARD = "gnu++0x";
				CLANG_CXX_LIBRARY = "libc++";
				CLANG_ENABLE_OBJC_ARC = YES;
				CLANG_WARN_EMPTY_BODY = YES;
				CLANG_WARN__DUPLICATE_METHOD_MATCH = YES;
				"CODE_SIGN_IDENTITY[sdk=iphoneos*]" = "iPhone Developer";
				COPY_PHASE_STRIP = NO;
				GCC_C_LANGUAGE_STANDARD = gnu99;
				GCC_DYNAMIC_NO_PIC = NO;
				GCC_OPTIMIZATION_LEVEL = 0;
				GCC_PREPROCESSOR_DEFINITIONS = (
					"DEBUG=1",
					"$(inherited)",
				);
				GCC_SYMBOLS_PRIVATE_EXTERN = NO;
				GCC_WARN_ABOUT_RETURN_TYPE = YES;
				GCC_WARN_UNINITIALIZED_AUTOS = YES;
				GCC_WARN_UNUSED_VARIABLE = YES;
				IPHONEOS_DEPLOYMENT_TARGET = 6.0;
				ONLY_ACTIVE_ARCH = YES;
				SDKROOT = iphoneos;
			};
			name = Debug;
		};
		34189849164A0052007A767A /* Release */ = {
			isa = XCBuildConfiguration;
			buildSettings = {
				ALWAYS_SEARCH_USER_PATHS = NO;
				CLANG_CXX_LANGUAGE_STANDARD = "gnu++0x";
				CLANG_CXX_LIBRARY = "libc++";
				CLANG_ENABLE_OBJC_ARC = YES;
				CLANG_WARN_EMPTY_BODY = YES;
				CLANG_WARN__DUPLICATE_METHOD_MATCH = YES;
				"CODE_SIGN_IDENTITY[sdk=iphoneos*]" = "iPhone Developer";
				COPY_PHASE_STRIP = YES;
				GCC_C_LANGUAGE_STANDARD = gnu99;
				GCC_WARN_ABOUT_RETURN_TYPE = YES;
				GCC_WARN_UNINITIALIZED_AUTOS = YES;
				GCC_WARN_UNUSED_VARIABLE = YES;
				IPHONEOS_DEPLOYMENT_TARGET = 6.0;
				OTHER_CFLAGS = "-DNS_BLOCK_ASSERTIONS=1";
				SDKROOT = iphoneos;
				VALIDATE_PRODUCT = YES;
			};
			name = Release;
		};
		3418984B164A0052007A767A /* Debug */ = {
			isa = XCBuildConfiguration;
			baseConfigurationReference = 24FBF6E034DC42E8A0507E80 /* Pods.xcconfig */;
			buildSettings = {
				GCC_PRECOMPILE_PREFIX_HEADER = YES;
				GCC_PREFIX_HEADER = "naiostest/naiostest-Prefix.pch";
				INFOPLIST_FILE = "naiostest/naiostest-Info.plist";
				PRODUCT_NAME = "$(TARGET_NAME)";
				WRAPPER_EXTENSION = app;
			};
			name = Debug;
		};
		3418984C164A0052007A767A /* Release */ = {
			isa = XCBuildConfiguration;
			baseConfigurationReference = 24FBF6E034DC42E8A0507E80 /* Pods.xcconfig */;
			buildSettings = {
				GCC_PRECOMPILE_PREFIX_HEADER = YES;
				GCC_PREFIX_HEADER = "naiostest/naiostest-Prefix.pch";
				INFOPLIST_FILE = "naiostest/naiostest-Info.plist";
				PRODUCT_NAME = "$(TARGET_NAME)";
				WRAPPER_EXTENSION = app;
			};
			name = Release;
		};
		3418984E164A0052007A767A /* Debug */ = {
			isa = XCBuildConfiguration;
			buildSettings = {
				BUNDLE_LOADER = "$(BUILT_PRODUCTS_DIR)/naiostest.app/naiostest";
				FRAMEWORK_SEARCH_PATHS = (
					"\"$(SDKROOT)/Developer/Library/Frameworks\"",
					"\"$(DEVELOPER_LIBRARY_DIR)/Frameworks\"",
				);
				GCC_PRECOMPILE_PREFIX_HEADER = YES;
				GCC_PREFIX_HEADER = "naiostest/naiostest-Prefix.pch";
				INFOPLIST_FILE = "naiostestTests/naiostestTests-Info.plist";
				PRODUCT_NAME = "$(TARGET_NAME)";
				TEST_HOST = "$(BUNDLE_LOADER)";
				WRAPPER_EXTENSION = octest;
			};
			name = Debug;
		};
		3418984F164A0052007A767A /* Release */ = {
			isa = XCBuildConfiguration;
			buildSettings = {
				BUNDLE_LOADER = "$(BUILT_PRODUCTS_DIR)/naiostest.app/naiostest";
				FRAMEWORK_SEARCH_PATHS = (
					"\"$(SDKROOT)/Developer/Library/Frameworks\"",
					"\"$(DEVELOPER_LIBRARY_DIR)/Frameworks\"",
				);
				GCC_PRECOMPILE_PREFIX_HEADER = YES;
				GCC_PREFIX_HEADER = "naiostest/naiostest-Prefix.pch";
				INFOPLIST_FILE = "naiostestTests/naiostestTests-Info.plist";
				PRODUCT_NAME = "$(TARGET_NAME)";
				TEST_HOST = "$(BUNDLE_LOADER)";
				WRAPPER_EXTENSION = octest;
			};
			name = Release;
		};
/* End XCBuildConfiguration section */

/* Begin XCConfigurationList section */
		34189811164A0052007A767A /* Build configuration list for PBXProject "naiostest" */ = {
			isa = XCConfigurationList;
			buildConfigurations = (
				34189848164A0052007A767A /* Debug */,
				34189849164A0052007A767A /* Release */,
			);
			defaultConfigurationIsVisible = 0;
			defaultConfigurationName = Release;
		};
		3418984A164A0052007A767A /* Build configuration list for PBXNativeTarget "naiostest" */ = {
			isa = XCConfigurationList;
			buildConfigurations = (
				3418984B164A0052007A767A /* Debug */,
				3418984C164A0052007A767A /* Release */,
			);
			defaultConfigurationIsVisible = 0;
			defaultConfigurationName = Release;
		};
		3418984D164A0052007A767A /* Build configuration list for PBXNativeTarget "naiostestTests" */ = {
			isa = XCConfigurationList;
			buildConfigurations = (
				3418984E164A0052007A767A /* Debug */,
				3418984F164A0052007A767A /* Release */,
			);
			defaultConfigurationIsVisible = 0;
			defaultConfigurationName = Release;
		};
/* End XCConfigurationList section */

/* Begin XCVersionGroup section */
		349A62E0164A0FCE00C9EFDD /* syncmodel.xcdatamodeld */ = {
			isa = XCVersionGroup;
			children = (
				349A62E1164A0FCE00C9EFDD /* syncmodel.xcdatamodel */,
			);
			currentVersion = 349A62E1164A0FCE00C9EFDD /* syncmodel.xcdatamodel */;
			path = syncmodel.xcdatamodeld;
			sourceTree = "<group>";
			versionGroupType = wrapper.xcdatamodel;
		};
		349A62FF164A0FD400C9EFDD /* restmodel.xcdatamodeld */ = {
			isa = XCVersionGroup;
			children = (
				349A6300164A0FD400C9EFDD /* restmodel.xcdatamodel */,
			);
			currentVersion = 349A6300164A0FD400C9EFDD /* restmodel.xcdatamodel */;
			path = restmodel.xcdatamodeld;
			sourceTree = "<group>";
			versionGroupType = wrapper.xcdatamodel;
		};
/* End XCVersionGroup section */
	};
	rootObject = 3418980E164A0052007A767A /* Project object */;
}
