// !$*UTF8*$!
{
	archiveVersion = 1;
	classes = {
	};
	objectVersion = 46;
	objects = {

/* Begin PBXBuildFile section */
		24A7A825C810450BB6A7246A /* libPods.a in Frameworks */ = {isa = PBXBuildFile; fileRef = 8C49B853B1ED4754A49AD589 /* libPods.a */; };
		3418981C164A0052007A767A /* UIKit.framework in Frameworks */ = {isa = PBXBuildFile; fileRef = 3418981B164A0052007A767A /* UIKit.framework */; };
		3418981E164A0052007A767A /* Foundation.framework in Frameworks */ = {isa = PBXBuildFile; fileRef = 3418981D164A0052007A767A /* Foundation.framework */; };
		34189820164A0052007A767A /* CoreGraphics.framework in Frameworks */ = {isa = PBXBuildFile; fileRef = 3418981F164A0052007A767A /* CoreGraphics.framework */; };
		34189826164A0052007A767A /* InfoPlist.strings in Resources */ = {isa = PBXBuildFile; fileRef = 34189824164A0052007A767A /* InfoPlist.strings */; };
		34189828164A0052007A767A /* main.m in Sources */ = {isa = PBXBuildFile; fileRef = 34189827164A0052007A767A /* main.m */; };
		3418982C164A0052007A767A /* AppDelegate.m in Sources */ = {isa = PBXBuildFile; fileRef = 3418982B164A0052007A767A /* AppDelegate.m */; };
		3418982E164A0052007A767A /* Default.png in Resources */ = {isa = PBXBuildFile; fileRef = 3418982D164A0052007A767A /* Default.png */; };
		34189830164A0052007A767A /* Default@2x.png in Resources */ = {isa = PBXBuildFile; fileRef = 3418982F164A0052007A767A /* Default@2x.png */; };
		34189832164A0052007A767A /* Default-568h@2x.png in Resources */ = {isa = PBXBuildFile; fileRef = 34189831164A0052007A767A /* Default-568h@2x.png */; };
		3418983A164A0052007A767A /* SenTestingKit.framework in Frameworks */ = {isa = PBXBuildFile; fileRef = 34189839164A0052007A767A /* SenTestingKit.framework */; };
		3418983B164A0052007A767A /* UIKit.framework in Frameworks */ = {isa = PBXBuildFile; fileRef = 3418981B164A0052007A767A /* UIKit.framework */; };
		3418983C164A0052007A767A /* Foundation.framework in Frameworks */ = {isa = PBXBuildFile; fileRef = 3418981D164A0052007A767A /* Foundation.framework */; };
		34189844164A0052007A767A /* InfoPlist.strings in Resources */ = {isa = PBXBuildFile; fileRef = 34189842164A0052007A767A /* InfoPlist.strings */; };
		34189847164A0052007A767A /* naiostestTests.m in Sources */ = {isa = PBXBuildFile; fileRef = 34189846164A0052007A767A /* naiostestTests.m */; };
		349A6138164A015100C9EFDD /* CoreData.framework in Frameworks */ = {isa = PBXBuildFile; fileRef = 349A6137164A015100C9EFDD /* CoreData.framework */; };
/* End PBXBuildFile section */

/* Begin PBXContainerItemProxy section */
		3418983D164A0052007A767A /* PBXContainerItemProxy */ = {
			isa = PBXContainerItemProxy;
			containerPortal = 3418980E164A0052007A767A /* Project object */;
			proxyType = 1;
			remoteGlobalIDString = 34189816164A0052007A767A;
			remoteInfo = naiostest;
		};
/* End PBXContainerItemProxy section */

/* Begin PBXFileReference section */
		24FBF6E034DC42E8A0507E80 /* Pods.xcconfig */ = {isa = PBXFileReference; includeInIndex = 1; lastKnownFileType = text.xcconfig; name = Pods.xcconfig; path = Pods/Pods.xcconfig; sourceTree = SOURCE_ROOT; };
		34189817164A0052007A767A /* naiostest.app */ = {isa = PBXFileReference; explicitFileType = wrapper.application; includeInIndex = 0; path = naiostest.app; sourceTree = BUILT_PRODUCTS_DIR; };
		3418981B164A0052007A767A /* UIKit.framework */ = {isa = PBXFileReference; includeInIndex = 1; lastKnownFileType = wrapper.framework; name = UIKit.framework; path = System/Library/Frameworks/UIKit.framework; sourceTree = SDKROOT; };
		3418981D164A0052007A767A /* Foundation.framework */ = {isa = PBXFileReference; includeInIndex = 1; lastKnownFileType = wrapper.framework; name = Foundation.framework; path = System/Library/Frameworks/Foundation.framework; sourceTree = SDKROOT; };
		3418981F164A0052007A767A /* CoreGraphics.framework */ = {isa = PBXFileReference; includeInIndex = 1; lastKnownFileType = wrapper.framework; name = CoreGraphics.framework; path = System/Library/Frameworks/CoreGraphics.framework; sourceTree = SDKROOT; };
		34189823164A0052007A767A /* naiostest-Info.plist */ = {isa = PBXFileReference; lastKnownFileType = text.plist.xml; path = "naiostest-Info.plist"; sourceTree = "<group>"; };
		34189825164A0052007A767A /* en */ = {isa = PBXFileReference; lastKnownFileType = text.plist.strings; name = en; path = en.lproj/InfoPlist.strings; sourceTree = "<group>"; };
		34189827164A0052007A767A /* main.m */ = {isa = PBXFileReference; lastKnownFileType = sourcecode.c.objc; path = main.m; sourceTree = "<group>"; };
		34189829164A0052007A767A /* naiostest-Prefix.pch */ = {isa = PBXFileReference; lastKnownFileType = sourcecode.c.h; path = "naiostest-Prefix.pch"; sourceTree = "<group>"; };
		3418982A164A0052007A767A /* AppDelegate.h */ = {isa = PBXFileReference; lastKnownFileType = sourcecode.c.h; path = AppDelegate.h; sourceTree = "<group>"; };
		3418982B164A0052007A767A /* AppDelegate.m */ = {isa = PBXFileReference; lastKnownFileType = sourcecode.c.objc; path = AppDelegate.m; sourceTree = "<group>"; };
		3418982D164A0052007A767A /* Default.png */ = {isa = PBXFileReference; lastKnownFileType = image.png; path = Default.png; sourceTree = "<group>"; };
		3418982F164A0052007A767A /* Default@2x.png */ = {isa = PBXFileReference; lastKnownFileType = image.png; path = "Default@2x.png"; sourceTree = "<group>"; };
		34189831164A0052007A767A /* Default-568h@2x.png */ = {isa = PBXFileReference; lastKnownFileType = image.png; path = "Default-568h@2x.png"; sourceTree = "<group>"; };
		34189838164A0052007A767A /* naiostestTests.octest */ = {isa = PBXFileReference; explicitFileType = wrapper.cfbundle; includeInIndex = 0; path = naiostestTests.octest; sourceTree = BUILT_PRODUCTS_DIR; };
		34189839164A0052007A767A /* SenTestingKit.framework */ = {isa = PBXFileReference; lastKnownFileType = wrapper.framework; name = SenTestingKit.framework; path = Library/Frameworks/SenTestingKit.framework; sourceTree = DEVELOPER_DIR; };
		34189841164A0052007A767A /* naiostestTests-Info.plist */ = {isa = PBXFileReference; lastKnownFileType = text.plist.xml; path = "naiostestTests-Info.plist"; sourceTree = "<group>"; };
		34189843164A0052007A767A /* en */ = {isa = PBXFileReference; lastKnownFileType = text.plist.strings; name = en; path = en.lproj/InfoPlist.strings; sourceTree = "<group>"; };
		34189845164A0052007A767A /* naiostestTests.h */ = {isa = PBXFileReference; lastKnownFileType = sourcecode.c.h; path = naiostestTests.h; sourceTree = "<group>"; };
		34189846164A0052007A767A /* naiostestTests.m */ = {isa = PBXFileReference; lastKnownFileType = sourcecode.c.objc; path = naiostestTests.m; sourceTree = "<group>"; };
		349A6137164A015100C9EFDD /* CoreData.framework */ = {isa = PBXFileReference; lastKnownFileType = wrapper.framework; name = CoreData.framework; path = System/Library/Frameworks/CoreData.framework; sourceTree = SDKROOT; };
		8C49B853B1ED4754A49AD589 /* libPods.a */ = {isa = PBXFileReference; explicitFileType = archive.ar; includeInIndex = 0; path = libPods.a; sourceTree = BUILT_PRODUCTS_DIR; };
/* End PBXFileReference section */

/* Begin PBXFrameworksBuildPhase section */
		34189814164A0052007A767A /* Frameworks */ = {
			isa = PBXFrameworksBuildPhase;
			buildActionMask = 2147483647;
			files = (
				349A6138164A015100C9EFDD /* CoreData.framework in Frameworks */,
				3418981C164A0052007A767A /* UIKit.framework in Frameworks */,
				3418981E164A0052007A767A /* Foundation.framework in Frameworks */,
				34189820164A0052007A767A /* CoreGraphics.framework in Frameworks */,
				24A7A825C810450BB6A7246A /* libPods.a in Frameworks */,
			);
			runOnlyForDeploymentPostprocessing = 0;
		};
		34189834164A0052007A767A /* Frameworks */ = {
			isa = PBXFrameworksBuildPhase;
			buildActionMask = 2147483647;
			files = (
				3418983A164A0052007A767A /* SenTestingKit.framework in Frameworks */,
				3418983B164A0052007A767A /* UIKit.framework in Frameworks */,
				3418983C164A0052007A767A /* Foundation.framework in Frameworks */,
			);
			runOnlyForDeploymentPostprocessing = 0;
		};
/* End PBXFrameworksBuildPhase section */

/* Begin PBXGroup section */
		3418980C164A0052007A767A = {
			isa = PBXGroup;
			children = (
				349A6137164A015100C9EFDD /* CoreData.framework */,
				34189850164A006B007A767A /* lib */,
				34189821164A0052007A767A /* naiostest */,
				3418983F164A0052007A767A /* naiostestTests */,
				3418981A164A0052007A767A /* Frameworks */,
				34189818164A0052007A767A /* Products */,
				24FBF6E034DC42E8A0507E80 /* Pods.xcconfig */,
			);
			sourceTree = "<group>";
		};
		34189818164A0052007A767A /* Products */ = {
			isa = PBXGroup;
			children = (
				34189817164A0052007A767A /* naiostest.app */,
				34189838164A0052007A767A /* naiostestTests.octest */,
			);
			name = Products;
			sourceTree = "<group>";
		};
		3418981A164A0052007A767A /* Frameworks */ = {
			isa = PBXGroup;
			children = (
				3418981B164A0052007A767A /* UIKit.framework */,
				3418981D164A0052007A767A /* Foundation.framework */,
				3418981F164A0052007A767A /* CoreGraphics.framework */,
				34189839164A0052007A767A /* SenTestingKit.framework */,
				8C49B853B1ED4754A49AD589 /* libPods.a */,
			);
			name = Frameworks;
			sourceTree = "<group>";
		};
		34189821164A0052007A767A /* naiostest */ = {
			isa = PBXGroup;
			children = (
				3418982A164A0052007A767A /* AppDelegate.h */,
				3418982B164A0052007A767A /* AppDelegate.m */,
				34189822164A0052007A767A /* Supporting Files */,
			);
			path = naiostest;
			sourceTree = "<group>";
		};
		34189822164A0052007A767A /* Supporting Files */ = {
			isa = PBXGroup;
			children = (
				34189823164A0052007A767A /* naiostest-Info.plist */,
				34189824164A0052007A767A /* InfoPlist.strings */,
				34189827164A0052007A767A /* main.m */,
				34189829164A0052007A767A /* naiostest-Prefix.pch */,
				3418982D164A0052007A767A /* Default.png */,
				3418982F164A0052007A767A /* Default@2x.png */,
				34189831164A0052007A767A /* Default-568h@2x.png */,
			);
			name = "Supporting Files";
			sourceTree = "<group>";
		};
		3418983F164A0052007A767A /* naiostestTests */ = {
			isa = PBXGroup;
			children = (
				34189845164A0052007A767A /* naiostestTests.h */,
				34189846164A0052007A767A /* naiostestTests.m */,
				34189840164A0052007A767A /* Supporting Files */,
			);
			path = naiostestTests;
			sourceTree = "<group>";
		};
		34189840164A0052007A767A /* Supporting Files */ = {
			isa = PBXGroup;
			children = (
				34189841164A0052007A767A /* naiostestTests-Info.plist */,
				34189842164A0052007A767A /* InfoPlist.strings */,
			);
			name = "Supporting Files";
			sourceTree = "<group>";
		};
		34189850164A006B007A767A /* lib */ = {
			isa = PBXGroup;
			children = (
			);
			name = lib;
			sourceTree = "<group>";
		};
/* End PBXGroup section */

/* Begin PBXNativeTarget section */
		34189816164A0052007A767A /* naiostest */ = {
			isa = PBXNativeTarget;
			buildConfigurationList = 3418984A164A0052007A767A /* Build configuration list for PBXNativeTarget "naiostest" */;
			buildPhases = (
				34189813164A0052007A767A /* Sources */,
				34189814164A0052007A767A /* Frameworks */,
				34189815164A0052007A767A /* Resources */,
				A422051DA3E44757B293117A /* Copy Pods Resources */,
			);
			buildRules = (
			);
			dependencies = (
			);
			name = naiostest;
			productName = naiostest;
			productReference = 34189817164A0052007A767A /* naiostest.app */;
			productType = "com.apple.product-type.application";
		};
		34189837164A0052007A767A /* naiostestTests */ = {
			isa = PBXNativeTarget;
			buildConfigurationList = 3418984D164A0052007A767A /* Build configuration list for PBXNativeTarget "naiostestTests" */;
			buildPhases = (
				34189833164A0052007A767A /* Sources */,
				34189834164A0052007A767A /* Frameworks */,
				34189835164A0052007A767A /* Resources */,
				34189836164A0052007A767A /* ShellScript */,
			);
			buildRules = (
			);
			dependencies = (
				3418983E164A0052007A767A /* PBXTargetDependency */,
			);
			name = naiostestTests;
			productName = naiostestTests;
			productReference = 34189838164A0052007A767A /* naiostestTests.octest */;
			productType = "com.apple.product-type.bundle";
		};
/* End PBXNativeTarget section */

/* Begin PBXProject section */
		3418980E164A0052007A767A /* Project object */ = {
			isa = PBXProject;
			attributes = {
				LastUpgradeCheck = 0450;
				ORGANIZATIONNAME = nashibao;
			};
			buildConfigurationList = 34189811164A0052007A767A /* Build configuration list for PBXProject "naiostest" */;
			compatibilityVersion = "Xcode 3.2";
			developmentRegion = English;
			hasScannedForEncodings = 0;
			knownRegions = (
				en,
			);
			mainGroup = 3418980C164A0052007A767A;
			productRefGroup = 34189818164A0052007A767A /* Products */;
			projectDirPath = "";
			projectRoot = "";
			targets = (
				34189816164A0052007A767A /* naiostest */,
				34189837164A0052007A767A /* naiostestTests */,
			);
		};
/* End PBXProject section */

/* Begin PBXResourcesBuildPhase section */
		34189815164A0052007A767A /* Resources */ = {
			isa = PBXResourcesBuildPhase;
			buildActionMask = 2147483647;
			files = (
				34189826164A0052007A767A /* InfoPlist.strings in Resources */,
				3418982E164A0052007A767A /* Default.png in Resources */,
				34189830164A0052007A767A /* Default@2x.png in Resources */,
				34189832164A0052007A767A /* Default-568h@2x.png in Resources */,
			);
			runOnlyForDeploymentPostprocessing = 0;
		};
		34189835164A0052007A767A /* Resources */ = {
			isa = PBXResourcesBuildPhase;
			buildActionMask = 2147483647;
			files = (
				34189844164A0052007A767A /* InfoPlist.strings in Resources */,
			);
			runOnlyForDeploymentPostprocessing = 0;
		};
/* End PBXResourcesBuildPhase section */

/* Begin PBXShellScriptBuildPhase section */
		34189836164A0052007A767A /* ShellScript */ = {
			isa = PBXShellScriptBuildPhase;
			buildActionMask = 2147483647;
			files = (
			);
			inputPaths = (
			);
			outputPaths = (
			);
			runOnlyForDeploymentPostprocessing = 0;
			shellPath = /bin/sh;
			shellScript = "# Run the unit tests in this test bundle.\n\"${SYSTEM_DEVELOPER_DIR}/Tools/RunUnitTests\"\n";
		};
		A422051DA3E44757B293117A /* Copy Pods Resources */ = {
			isa = PBXShellScriptBuildPhase;
			buildActionMask = 2147483647;
			files = (
			);
			inputPaths = (
			);
			name = "Copy Pods Resources";
			outputPaths = (
			);
			runOnlyForDeploymentPostprocessing = 0;
			shellPath = /bin/sh;
			shellScript = "\"${SRCROOT}/Pods/Pods-resources.sh\"\n";
		};
/* End PBXShellScriptBuildPhase section */

/* Begin PBXSourcesBuildPhase section */
		34189813164A0052007A767A /* Sources */ = {
			isa = PBXSourcesBuildPhase;
			buildActionMask = 2147483647;
			files = (
				34189828164A0052007A767A /* main.m in Sources */,
				3418982C164A0052007A767A /* AppDelegate.m in Sources */,
			);
			runOnlyForDeploymentPostprocessing = 0;
		};
		34189833164A0052007A767A /* Sources */ = {
			isa = PBXSourcesBuildPhase;
			buildActionMask = 2147483647;
			files = (
				34189847164A0052007A767A /* naiostestTests.m in Sources */,
			);
			runOnlyForDeploymentPostprocessing = 0;
		};
/* End PBXSourcesBuildPhase section */

/* Begin PBXTargetDependency section */
		3418983E164A0052007A767A /* PBXTargetDependency */ = {
			isa = PBXTargetDependency;
			target = 34189816164A0052007A767A /* naiostest */;
			targetProxy = 3418983D164A0052007A767A /* PBXContainerItemProxy */;
		};
/* End PBXTargetDependency section */

/* Begin PBXVariantGroup section */
		34189824164A0052007A767A /* InfoPlist.strings */ = {
			isa = PBXVariantGroup;
			children = (
				34189825164A0052007A767A /* en */,
			);
			name = InfoPlist.strings;
			sourceTree = "<group>";
		};
		34189842164A0052007A767A /* InfoPlist.strings */ = {
			isa = PBXVariantGroup;
			children = (
				34189843164A0052007A767A /* en */,
			);
			name = InfoPlist.strings;
			sourceTree = "<group>";
		};
/* End PBXVariantGroup section */

/* Begin XCBuildConfiguration section */
		34189848164A0052007A767A /* Debug */ = {
			isa = XCBuildConfiguration;
			buildSettings = {
				ALWAYS_SEARCH_USER_PATHS = NO;
				CLANG_CXX_LANGUAGE_STANDARD = "gnu++0x";
				CLANG_CXX_LIBRARY = "libc++";
				CLANG_ENABLE_OBJC_ARC = YES;
				CLANG_WARN_EMPTY_BODY = YES;
				CLANG_WARN__DUPLICATE_METHOD_MATCH = YES;
				"CODE_SIGN_IDENTITY[sdk=iphoneos*]" = "iPhone Developer";
				COPY_PHASE_STRIP = NO;
				GCC_C_LANGUAGE_STANDARD = gnu99;
				GCC_DYNAMIC_NO_PIC = NO;
				GCC_OPTIMIZATION_LEVEL = 0;
				GCC_PREPROCESSOR_DEFINITIONS = (
					"DEBUG=1",
					"$(inherited)",
				);
				GCC_SYMBOLS_PRIVATE_EXTERN = NO;
				GCC_WARN_ABOUT_RETURN_TYPE = YES;
				GCC_WARN_UNINITIALIZED_AUTOS = YES;
				GCC_WARN_UNUSED_VARIABLE = YES;
				IPHONEOS_DEPLOYMENT_TARGET = 6.0;
				ONLY_ACTIVE_ARCH = YES;
				SDKROOT = iphoneos;
			};
			name = Debug;
		};
		34189849164A0052007A767A /* Release */ = {
			isa = XCBuildConfiguration;
			buildSettings = {
				ALWAYS_SEARCH_USER_PATHS = NO;
				CLANG_CXX_LANGUAGE_STANDARD = "gnu++0x";
				CLANG_CXX_LIBRARY = "libc++";
				CLANG_ENABLE_OBJC_ARC = YES;
				CLANG_WARN_EMPTY_BODY = YES;
				CLANG_WARN__DUPLICATE_METHOD_MATCH = YES;
				"CODE_SIGN_IDENTITY[sdk=iphoneos*]" = "iPhone Developer";
				COPY_PHASE_STRIP = YES;
				GCC_C_LANGUAGE_STANDARD = gnu99;
				GCC_WARN_ABOUT_RETURN_TYPE = YES;
				GCC_WARN_UNINITIALIZED_AUTOS = YES;
				GCC_WARN_UNUSED_VARIABLE = YES;
				IPHONEOS_DEPLOYMENT_TARGET = 6.0;
				OTHER_CFLAGS = "-DNS_BLOCK_ASSERTIONS=1";
				SDKROOT = iphoneos;
				VALIDATE_PRODUCT = YES;
			};
			name = Release;
		};
		3418984B164A0052007A767A /* Debug */ = {
			isa = XCBuildConfiguration;
			baseConfigurationReference = 24FBF6E034DC42E8A0507E80 /* Pods.xcconfig */;
			buildSettings = {
				GCC_PRECOMPILE_PREFIX_HEADER = YES;
				GCC_PREFIX_HEADER = "naiostest/naiostest-Prefix.pch";
				INFOPLIST_FILE = "naiostest/naiostest-Info.plist";
				PRODUCT_NAME = "$(TARGET_NAME)";
				WRAPPER_EXTENSION = app;
			};
			name = Debug;
		};
		3418984C164A0052007A767A /* Release */ = {
			isa = XCBuildConfiguration;
			baseConfigurationReference = 24FBF6E034DC42E8A0507E80 /* Pods.xcconfig */;
			buildSettings = {
				GCC_PRECOMPILE_PREFIX_HEADER = YES;
				GCC_PREFIX_HEADER = "naiostest/naiostest-Prefix.pch";
				INFOPLIST_FILE = "naiostest/naiostest-Info.plist";
				PRODUCT_NAME = "$(TARGET_NAME)";
				WRAPPER_EXTENSION = app;
			};
			name = Release;
		};
		3418984E164A0052007A767A /* Debug */ = {
			isa = XCBuildConfiguration;
			buildSettings = {
				BUNDLE_LOADER = "$(BUILT_PRODUCTS_DIR)/naiostest.app/naiostest";
				FRAMEWORK_SEARCH_PATHS = (
					"\"$(SDKROOT)/Developer/Library/Frameworks\"",
					"\"$(DEVELOPER_LIBRARY_DIR)/Frameworks\"",
				);
				GCC_PRECOMPILE_PREFIX_HEADER = YES;
				GCC_PREFIX_HEADER = "naiostest/naiostest-Prefix.pch";
				INFOPLIST_FILE = "naiostestTests/naiostestTests-Info.plist";
				PRODUCT_NAME = "$(TARGET_NAME)";
				TEST_HOST = "$(BUNDLE_LOADER)";
				WRAPPER_EXTENSION = octest;
			};
			name = Debug;
		};
		3418984F164A0052007A767A /* Release */ = {
			isa = XCBuildConfiguration;
			buildSettings = {
				BUNDLE_LOADER = "$(BUILT_PRODUCTS_DIR)/naiostest.app/naiostest";
				FRAMEWORK_SEARCH_PATHS = (
					"\"$(SDKROOT)/Developer/Library/Frameworks\"",
					"\"$(DEVELOPER_LIBRARY_DIR)/Frameworks\"",
				);
				GCC_PRECOMPILE_PREFIX_HEADER = YES;
				GCC_PREFIX_HEADER = "naiostest/naiostest-Prefix.pch";
				INFOPLIST_FILE = "naiostestTests/naiostestTests-Info.plist";
				PRODUCT_NAME = "$(TARGET_NAME)";
				TEST_HOST = "$(BUNDLE_LOADER)";
				WRAPPER_EXTENSION = octest;
			};
			name = Release;
		};
/* End XCBuildConfiguration section */

/* Begin XCConfigurationList section */
		34189811164A0052007A767A /* Build configuration list for PBXProject "naiostest" */ = {
			isa = XCConfigurationList;
			buildConfigurations = (
				34189848164A0052007A767A /* Debug */,
				34189849164A0052007A767A /* Release */,
			);
			defaultConfigurationIsVisible = 0;
			defaultConfigurationName = Release;
		};
		3418984A164A0052007A767A /* Build configuration list for PBXNativeTarget "naiostest" */ = {
			isa = XCConfigurationList;
			buildConfigurations = (
				3418984B164A0052007A767A /* Debug */,
				3418984C164A0052007A767A /* Release */,
			);
			defaultConfigurationIsVisible = 0;
			defaultConfigurationName = Release;
		};
		3418984D164A0052007A767A /* Build configuration list for PBXNativeTarget "naiostestTests" */ = {
			isa = XCConfigurationList;
			buildConfigurations = (
				3418984E164A0052007A767A /* Debug */,
				3418984F164A0052007A767A /* Release */,
			);
			defaultConfigurationIsVisible = 0;
			defaultConfigurationName = Release;
		};
/* End XCConfigurationList section */
	};
	rootObject = 3418980E164A0052007A767A /* Project object */;
}
