// !$*UTF8*$!
{
	archiveVersion = 1;
	classes = {
	};
	objectVersion = 46;
	objects = {

/* Begin PBXBuildFile section */
		3498FD671627B2560016EF72 /* .gitignore in Resources */ = {isa = PBXBuildFile; fileRef = 3498FCF01627B2560016EF72 /* .gitignore */; };
		3498FD681627B2560016EF72 /* NAFetchHelper.m in Sources */ = {isa = PBXBuildFile; fileRef = 3498FCF41627B2560016EF72 /* NAFetchHelper.m */; };
		3498FD691627B2560016EF72 /* NSFetchRequest+na.m in Sources */ = {isa = PBXBuildFile; fileRef = 3498FCF61627B2560016EF72 /* NSFetchRequest+na.m */; };
		3498FD6A1627B2560016EF72 /* NSManagedObjectContext+na.m in Sources */ = {isa = PBXBuildFile; fileRef = 3498FCF81627B2560016EF72 /* NSManagedObjectContext+na.m */; };
		3498FD6B1627B2560016EF72 /* NAModelController.m in Sources */ = {isa = PBXBuildFile; fileRef = 3498FCFB1627B2560016EF72 /* NAModelController.m */; };
		3498FD6C1627B2560016EF72 /* NSDictionaryTransformer.m in Sources */ = {isa = PBXBuildFile; fileRef = 3498FCFE1627B2560016EF72 /* NSDictionaryTransformer.m */; };
		3498FD6D1627B2560016EF72 /* NSManagedObject+na.m in Sources */ = {isa = PBXBuildFile; fileRef = 3498FD001627B2560016EF72 /* NSManagedObject+na.m */; };
		3498FD6E1627B2560016EF72 /* NAFRCDelegateTableViewController.m in Sources */ = {isa = PBXBuildFile; fileRef = 3498FD031627B2560016EF72 /* NAFRCDelegateTableViewController.m */; };
		3498FD6F1627B2560016EF72 /* NAFRCTableViewController.m in Sources */ = {isa = PBXBuildFile; fileRef = 3498FD051627B2560016EF72 /* NAFRCTableViewController.m */; };
		3498FD701627B2560016EF72 /* NAFRCTableWithAppendViewController.m in Sources */ = {isa = PBXBuildFile; fileRef = 3498FD071627B2560016EF72 /* NAFRCTableWithAppendViewController.m */; };
		3498FD711627B2560016EF72 /* NADefaultMappingDriver.m in Sources */ = {isa = PBXBuildFile; fileRef = 3498FD0B1627B2560016EF72 /* NADefaultMappingDriver.m */; };
		3498FD721627B2560016EF72 /* NADefaultRestDriver.m in Sources */ = {isa = PBXBuildFile; fileRef = 3498FD0D1627B2560016EF72 /* NADefaultRestDriver.m */; };
		3498FD731627B2560016EF72 /* NAMappingDriver.m in Sources */ = {isa = PBXBuildFile; fileRef = 3498FD0F1627B2560016EF72 /* NAMappingDriver.m */; };
		3498FD741627B2560016EF72 /* NASyncHelper.m in Sources */ = {isa = PBXBuildFile; fileRef = 3498FD131627B2560016EF72 /* NASyncHelper.m */; };
		3498FD751627B2560016EF72 /* hoge.xcdatamodeld in Sources */ = {isa = PBXBuildFile; fileRef = 3498FD151627B2560016EF72 /* hoge.xcdatamodeld */; };
		3498FD761627B2560016EF72 /* SyncBaseModel+sync.m in Sources */ = {isa = PBXBuildFile; fileRef = 3498FD181627B2560016EF72 /* SyncBaseModel+sync.m */; };
		3498FD771627B2560016EF72 /* SyncBaseModel.m in Sources */ = {isa = PBXBuildFile; fileRef = 3498FD1A1627B2560016EF72 /* SyncBaseModel.m */; };
		3498FD781627B2560016EF72 /* NAValidator.m in Sources */ = {isa = PBXBuildFile; fileRef = 3498FD1D1627B2560016EF72 /* NAValidator.m */; };
		3498FD791627B2560016EF72 /* NAFormValue.m in Sources */ = {isa = PBXBuildFile; fileRef = 3498FD201627B2560016EF72 /* NAFormValue.m */; };
		3498FD7A1627B2560016EF72 /* NAMultipleFormValue.m in Sources */ = {isa = PBXBuildFile; fileRef = 3498FD221627B2560016EF72 /* NAMultipleFormValue.m */; };
		3498FD7B1627B2560016EF72 /* NASelectFormValue.m in Sources */ = {isa = PBXBuildFile; fileRef = 3498FD241627B2560016EF72 /* NASelectFormValue.m */; };
		3498FD7C1627B2560016EF72 /* NAFormCell.m in Sources */ = {isa = PBXBuildFile; fileRef = 3498FD271627B2560016EF72 /* NAFormCell.m */; };
		3498FD7D1627B2560016EF72 /* NAFormTextFieldCell.m in Sources */ = {isa = PBXBuildFile; fileRef = 3498FD291627B2560016EF72 /* NAFormTextFieldCell.m */; };
		3498FD7E1627B2560016EF72 /* AFNetworkActivityIndicatorManager.m in Sources */ = {isa = PBXBuildFile; fileRef = 3498FD2C1627B2560016EF72 /* AFNetworkActivityIndicatorManager.m */; };
		3498FD7F1627B2560016EF72 /* NANetworkGCDHelper.m in Sources */ = {isa = PBXBuildFile; fileRef = 3498FD2F1627B2560016EF72 /* NANetworkGCDHelper.m */; };
		3498FD801627B2560016EF72 /* NANetworkConfig.m in Sources */ = {isa = PBXBuildFile; fileRef = 3498FD311627B2560016EF72 /* NANetworkConfig.m */; };
		3498FD811627B2560016EF72 /* NABaseNetworkOperation.m in Sources */ = {isa = PBXBuildFile; fileRef = 3498FD341627B2560016EF72 /* NABaseNetworkOperation.m */; };
		3498FD821627B2560016EF72 /* NANetworkOperation.m in Sources */ = {isa = PBXBuildFile; fileRef = 3498FD361627B2560016EF72 /* NANetworkOperation.m */; };
		3498FD831627B2560016EF72 /* NSOperationQueue+na.m in Sources */ = {isa = PBXBuildFile; fileRef = 3498FD381627B2560016EF72 /* NSOperationQueue+na.m */; };
		3498FD841627B2560016EF72 /* README.md in Resources */ = {isa = PBXBuildFile; fileRef = 3498FD391627B2560016EF72 /* README.md */; };
		3498FD981627B2560016EF72 /* NATheme.m in Sources */ = {isa = PBXBuildFile; fileRef = 3498FD5F1627B2560016EF72 /* NATheme.m */; };
		3498FD991627B2560016EF72 /* NAViewController.m in Sources */ = {isa = PBXBuildFile; fileRef = 3498FD621627B2560016EF72 /* NAViewController.m */; };
		3498FD9A1627B2560016EF72 /* NATableViewController.m in Sources */ = {isa = PBXBuildFile; fileRef = 3498FD661627B2560016EF72 /* NATableViewController.m */; };
		34CB493516267E15009A0E87 /* UIKit.framework in Frameworks */ = {isa = PBXBuildFile; fileRef = 34CB493416267E15009A0E87 /* UIKit.framework */; };
		34CB493716267E15009A0E87 /* Foundation.framework in Frameworks */ = {isa = PBXBuildFile; fileRef = 34CB493616267E15009A0E87 /* Foundation.framework */; };
		34CB493916267E15009A0E87 /* CoreGraphics.framework in Frameworks */ = {isa = PBXBuildFile; fileRef = 34CB493816267E15009A0E87 /* CoreGraphics.framework */; };
		34CB493B16267E15009A0E87 /* CoreData.framework in Frameworks */ = {isa = PBXBuildFile; fileRef = 34CB493A16267E15009A0E87 /* CoreData.framework */; };
		34CB494116267E15009A0E87 /* InfoPlist.strings in Resources */ = {isa = PBXBuildFile; fileRef = 34CB493F16267E15009A0E87 /* InfoPlist.strings */; };
		34CB494316267E15009A0E87 /* main.m in Sources */ = {isa = PBXBuildFile; fileRef = 34CB494216267E15009A0E87 /* main.m */; };
		34CB494716267E15009A0E87 /* AppDelegate.m in Sources */ = {isa = PBXBuildFile; fileRef = 34CB494616267E15009A0E87 /* AppDelegate.m */; };
		34CB494916267E15009A0E87 /* Default.png in Resources */ = {isa = PBXBuildFile; fileRef = 34CB494816267E15009A0E87 /* Default.png */; };
		34CB494B16267E15009A0E87 /* Default@2x.png in Resources */ = {isa = PBXBuildFile; fileRef = 34CB494A16267E15009A0E87 /* Default@2x.png */; };
		34CB494D16267E15009A0E87 /* Default-568h@2x.png in Resources */ = {isa = PBXBuildFile; fileRef = 34CB494C16267E15009A0E87 /* Default-568h@2x.png */; };
		34CB495016267E15009A0E87 /* na_ios_test.xcdatamodeld in Sources */ = {isa = PBXBuildFile; fileRef = 34CB494E16267E15009A0E87 /* na_ios_test.xcdatamodeld */; };
		34CB495816267E15009A0E87 /* SenTestingKit.framework in Frameworks */ = {isa = PBXBuildFile; fileRef = 34CB495716267E15009A0E87 /* SenTestingKit.framework */; };
		34CB495916267E15009A0E87 /* UIKit.framework in Frameworks */ = {isa = PBXBuildFile; fileRef = 34CB493416267E15009A0E87 /* UIKit.framework */; };
		34CB495A16267E15009A0E87 /* Foundation.framework in Frameworks */ = {isa = PBXBuildFile; fileRef = 34CB493616267E15009A0E87 /* Foundation.framework */; };
		34CB495B16267E15009A0E87 /* CoreData.framework in Frameworks */ = {isa = PBXBuildFile; fileRef = 34CB493A16267E15009A0E87 /* CoreData.framework */; };
		34CB496316267E15009A0E87 /* InfoPlist.strings in Resources */ = {isa = PBXBuildFile; fileRef = 34CB496116267E15009A0E87 /* InfoPlist.strings */; };
		34CB4A1416267FF0009A0E87 /* TestNANetworkGCD.m in Sources */ = {isa = PBXBuildFile; fileRef = 34CB4A1316267FF0009A0E87 /* TestNANetworkGCD.m */; };
		34CB4A1B1626831C009A0E87 /* UIKit.framework in Frameworks */ = {isa = PBXBuildFile; fileRef = 34CB493416267E15009A0E87 /* UIKit.framework */; };
		34CB4A1C1626831C009A0E87 /* Foundation.framework in Frameworks */ = {isa = PBXBuildFile; fileRef = 34CB493616267E15009A0E87 /* Foundation.framework */; };
		34CB4A1D1626831C009A0E87 /* CoreGraphics.framework in Frameworks */ = {isa = PBXBuildFile; fileRef = 34CB493816267E15009A0E87 /* CoreGraphics.framework */; };
		34CB4A231626831C009A0E87 /* InfoPlist.strings in Resources */ = {isa = PBXBuildFile; fileRef = 34CB4A211626831C009A0E87 /* InfoPlist.strings */; };
		34CB4A251626831C009A0E87 /* main.m in Sources */ = {isa = PBXBuildFile; fileRef = 34CB4A241626831C009A0E87 /* main.m */; };
		34CB4A2B1626831C009A0E87 /* Default.png in Resources */ = {isa = PBXBuildFile; fileRef = 34CB4A2A1626831C009A0E87 /* Default.png */; };
		34CB4A2D1626831C009A0E87 /* Default@2x.png in Resources */ = {isa = PBXBuildFile; fileRef = 34CB4A2C1626831C009A0E87 /* Default@2x.png */; };
		34CB4A2F1626831C009A0E87 /* Default-568h@2x.png in Resources */ = {isa = PBXBuildFile; fileRef = 34CB4A2E1626831C009A0E87 /* Default-568h@2x.png */; };
		34CB4A4116268502009A0E87 /* CoreData.framework in Frameworks */ = {isa = PBXBuildFile; fileRef = 34CB493A16267E15009A0E87 /* CoreData.framework */; };
		34CB4A4216268513009A0E87 /* GHUnitIOS.framework in Frameworks */ = {isa = PBXBuildFile; fileRef = 34CB4A39162684A8009A0E87 /* GHUnitIOS.framework */; };
		34CB4A4816268A81009A0E87 /* MyTest.m in Sources */ = {isa = PBXBuildFile; fileRef = 34CB4A4716268A81009A0E87 /* MyTest.m */; };
/* End PBXBuildFile section */

/* Begin PBXContainerItemProxy section */
		34CB495C16267E15009A0E87 /* PBXContainerItemProxy */ = {
			isa = PBXContainerItemProxy;
			containerPortal = 34CB492716267E15009A0E87 /* Project object */;
			proxyType = 1;
			remoteGlobalIDString = 34CB492F16267E15009A0E87;
			remoteInfo = na_ios_test;
		};
/* End PBXContainerItemProxy section */

/* Begin PBXFileReference section */
		3498FCF01627B2560016EF72 /* .gitignore */ = {isa = PBXFileReference; fileEncoding = 4; lastKnownFileType = text; path = .gitignore; sourceTree = "<group>"; };
		3498FCF31627B2560016EF72 /* NAFetchHelper.h */ = {isa = PBXFileReference; fileEncoding = 4; lastKnownFileType = sourcecode.c.h; path = NAFetchHelper.h; sourceTree = "<group>"; };
		3498FCF41627B2560016EF72 /* NAFetchHelper.m */ = {isa = PBXFileReference; fileEncoding = 4; lastKnownFileType = sourcecode.c.objc; path = NAFetchHelper.m; sourceTree = "<group>"; };
		3498FCF51627B2560016EF72 /* NSFetchRequest+na.h */ = {isa = PBXFileReference; fileEncoding = 4; lastKnownFileType = sourcecode.c.h; path = "NSFetchRequest+na.h"; sourceTree = "<group>"; };
		3498FCF61627B2560016EF72 /* NSFetchRequest+na.m */ = {isa = PBXFileReference; fileEncoding = 4; lastKnownFileType = sourcecode.c.objc; path = "NSFetchRequest+na.m"; sourceTree = "<group>"; };
		3498FCF71627B2560016EF72 /* NSManagedObjectContext+na.h */ = {isa = PBXFileReference; fileEncoding = 4; lastKnownFileType = sourcecode.c.h; path = "NSManagedObjectContext+na.h"; sourceTree = "<group>"; };
		3498FCF81627B2560016EF72 /* NSManagedObjectContext+na.m */ = {isa = PBXFileReference; fileEncoding = 4; lastKnownFileType = sourcecode.c.objc; path = "NSManagedObjectContext+na.m"; sourceTree = "<group>"; };
		3498FCFA1627B2560016EF72 /* NAModelController.h */ = {isa = PBXFileReference; fileEncoding = 4; lastKnownFileType = sourcecode.c.h; path = NAModelController.h; sourceTree = "<group>"; };
		3498FCFB1627B2560016EF72 /* NAModelController.m */ = {isa = PBXFileReference; fileEncoding = 4; lastKnownFileType = sourcecode.c.objc; path = NAModelController.m; sourceTree = "<group>"; };
		3498FCFD1627B2560016EF72 /* NSDictionaryTransformer.h */ = {isa = PBXFileReference; fileEncoding = 4; lastKnownFileType = sourcecode.c.h; path = NSDictionaryTransformer.h; sourceTree = "<group>"; };
		3498FCFE1627B2560016EF72 /* NSDictionaryTransformer.m */ = {isa = PBXFileReference; fileEncoding = 4; lastKnownFileType = sourcecode.c.objc; path = NSDictionaryTransformer.m; sourceTree = "<group>"; };
		3498FCFF1627B2560016EF72 /* NSManagedObject+na.h */ = {isa = PBXFileReference; fileEncoding = 4; lastKnownFileType = sourcecode.c.h; path = "NSManagedObject+na.h"; sourceTree = "<group>"; };
		3498FD001627B2560016EF72 /* NSManagedObject+na.m */ = {isa = PBXFileReference; fileEncoding = 4; lastKnownFileType = sourcecode.c.objc; path = "NSManagedObject+na.m"; sourceTree = "<group>"; };
		3498FD021627B2560016EF72 /* NAFRCDelegateTableViewController.h */ = {isa = PBXFileReference; fileEncoding = 4; lastKnownFileType = sourcecode.c.h; path = NAFRCDelegateTableViewController.h; sourceTree = "<group>"; };
		3498FD031627B2560016EF72 /* NAFRCDelegateTableViewController.m */ = {isa = PBXFileReference; fileEncoding = 4; lastKnownFileType = sourcecode.c.objc; path = NAFRCDelegateTableViewController.m; sourceTree = "<group>"; };
		3498FD041627B2560016EF72 /* NAFRCTableViewController.h */ = {isa = PBXFileReference; fileEncoding = 4; lastKnownFileType = sourcecode.c.h; path = NAFRCTableViewController.h; sourceTree = "<group>"; };
		3498FD051627B2560016EF72 /* NAFRCTableViewController.m */ = {isa = PBXFileReference; fileEncoding = 4; lastKnownFileType = sourcecode.c.objc; path = NAFRCTableViewController.m; sourceTree = "<group>"; };
		3498FD061627B2560016EF72 /* NAFRCTableWithAppendViewController.h */ = {isa = PBXFileReference; fileEncoding = 4; lastKnownFileType = sourcecode.c.h; path = NAFRCTableWithAppendViewController.h; sourceTree = "<group>"; };
		3498FD071627B2560016EF72 /* NAFRCTableWithAppendViewController.m */ = {isa = PBXFileReference; fileEncoding = 4; lastKnownFileType = sourcecode.c.objc; path = NAFRCTableWithAppendViewController.m; sourceTree = "<group>"; };
		3498FD0A1627B2560016EF72 /* NADefaultMappingDriver.h */ = {isa = PBXFileReference; fileEncoding = 4; lastKnownFileType = sourcecode.c.h; path = NADefaultMappingDriver.h; sourceTree = "<group>"; };
		3498FD0B1627B2560016EF72 /* NADefaultMappingDriver.m */ = {isa = PBXFileReference; fileEncoding = 4; lastKnownFileType = sourcecode.c.objc; path = NADefaultMappingDriver.m; sourceTree = "<group>"; };
		3498FD0C1627B2560016EF72 /* NADefaultRestDriver.h */ = {isa = PBXFileReference; fileEncoding = 4; lastKnownFileType = sourcecode.c.h; path = NADefaultRestDriver.h; sourceTree = "<group>"; };
		3498FD0D1627B2560016EF72 /* NADefaultRestDriver.m */ = {isa = PBXFileReference; fileEncoding = 4; lastKnownFileType = sourcecode.c.objc; path = NADefaultRestDriver.m; sourceTree = "<group>"; };
		3498FD0E1627B2560016EF72 /* NAMappingDriver.h */ = {isa = PBXFileReference; fileEncoding = 4; lastKnownFileType = sourcecode.c.h; path = NAMappingDriver.h; sourceTree = "<group>"; };
		3498FD0F1627B2560016EF72 /* NAMappingDriver.m */ = {isa = PBXFileReference; fileEncoding = 4; lastKnownFileType = sourcecode.c.objc; path = NAMappingDriver.m; sourceTree = "<group>"; };
		3498FD101627B2560016EF72 /* NARestDriverProtocol.h */ = {isa = PBXFileReference; fileEncoding = 4; lastKnownFileType = sourcecode.c.h; path = NARestDriverProtocol.h; sourceTree = "<group>"; };
		3498FD121627B2560016EF72 /* NASyncHelper.h */ = {isa = PBXFileReference; fileEncoding = 4; lastKnownFileType = sourcecode.c.h; path = NASyncHelper.h; sourceTree = "<group>"; };
		3498FD131627B2560016EF72 /* NASyncHelper.m */ = {isa = PBXFileReference; fileEncoding = 4; lastKnownFileType = sourcecode.c.objc; path = NASyncHelper.m; sourceTree = "<group>"; };
		3498FD161627B2560016EF72 /* hoge.xcdatamodel */ = {isa = PBXFileReference; lastKnownFileType = wrapper.xcdatamodel; path = hoge.xcdatamodel; sourceTree = "<group>"; };
		3498FD171627B2560016EF72 /* SyncBaseModel+sync.h */ = {isa = PBXFileReference; fileEncoding = 4; lastKnownFileType = sourcecode.c.h; path = "SyncBaseModel+sync.h"; sourceTree = "<group>"; };
		3498FD181627B2560016EF72 /* SyncBaseModel+sync.m */ = {isa = PBXFileReference; fileEncoding = 4; lastKnownFileType = sourcecode.c.objc; path = "SyncBaseModel+sync.m"; sourceTree = "<group>"; };
		3498FD191627B2560016EF72 /* SyncBaseModel.h */ = {isa = PBXFileReference; fileEncoding = 4; lastKnownFileType = sourcecode.c.h; path = SyncBaseModel.h; sourceTree = "<group>"; };
		3498FD1A1627B2560016EF72 /* SyncBaseModel.m */ = {isa = PBXFileReference; fileEncoding = 4; lastKnownFileType = sourcecode.c.objc; path = SyncBaseModel.m; sourceTree = "<group>"; };
		3498FD1C1627B2560016EF72 /* NAValidator.h */ = {isa = PBXFileReference; fileEncoding = 4; lastKnownFileType = sourcecode.c.h; path = NAValidator.h; sourceTree = "<group>"; };
		3498FD1D1627B2560016EF72 /* NAValidator.m */ = {isa = PBXFileReference; fileEncoding = 4; lastKnownFileType = sourcecode.c.objc; path = NAValidator.m; sourceTree = "<group>"; };
		3498FD1F1627B2560016EF72 /* NAFormValue.h */ = {isa = PBXFileReference; fileEncoding = 4; lastKnownFileType = sourcecode.c.h; path = NAFormValue.h; sourceTree = "<group>"; };
		3498FD201627B2560016EF72 /* NAFormValue.m */ = {isa = PBXFileReference; fileEncoding = 4; lastKnownFileType = sourcecode.c.objc; path = NAFormValue.m; sourceTree = "<group>"; };
		3498FD211627B2560016EF72 /* NAMultipleFormValue.h */ = {isa = PBXFileReference; fileEncoding = 4; lastKnownFileType = sourcecode.c.h; path = NAMultipleFormValue.h; sourceTree = "<group>"; };
		3498FD221627B2560016EF72 /* NAMultipleFormValue.m */ = {isa = PBXFileReference; fileEncoding = 4; lastKnownFileType = sourcecode.c.objc; path = NAMultipleFormValue.m; sourceTree = "<group>"; };
		3498FD231627B2560016EF72 /* NASelectFormValue.h */ = {isa = PBXFileReference; fileEncoding = 4; lastKnownFileType = sourcecode.c.h; path = NASelectFormValue.h; sourceTree = "<group>"; };
		3498FD241627B2560016EF72 /* NASelectFormValue.m */ = {isa = PBXFileReference; fileEncoding = 4; lastKnownFileType = sourcecode.c.objc; path = NASelectFormValue.m; sourceTree = "<group>"; };
		3498FD261627B2560016EF72 /* NAFormCell.h */ = {isa = PBXFileReference; fileEncoding = 4; lastKnownFileType = sourcecode.c.h; path = NAFormCell.h; sourceTree = "<group>"; };
		3498FD271627B2560016EF72 /* NAFormCell.m */ = {isa = PBXFileReference; fileEncoding = 4; lastKnownFileType = sourcecode.c.objc; path = NAFormCell.m; sourceTree = "<group>"; };
		3498FD281627B2560016EF72 /* NAFormTextFieldCell.h */ = {isa = PBXFileReference; fileEncoding = 4; lastKnownFileType = sourcecode.c.h; path = NAFormTextFieldCell.h; sourceTree = "<group>"; };
		3498FD291627B2560016EF72 /* NAFormTextFieldCell.m */ = {isa = PBXFileReference; fileEncoding = 4; lastKnownFileType = sourcecode.c.objc; path = NAFormTextFieldCell.m; sourceTree = "<group>"; };
		3498FD2B1627B2560016EF72 /* AFNetworkActivityIndicatorManager.h */ = {isa = PBXFileReference; fileEncoding = 4; lastKnownFileType = sourcecode.c.h; path = AFNetworkActivityIndicatorManager.h; sourceTree = "<group>"; };
		3498FD2C1627B2560016EF72 /* AFNetworkActivityIndicatorManager.m */ = {isa = PBXFileReference; fileEncoding = 4; lastKnownFileType = sourcecode.c.objc; path = AFNetworkActivityIndicatorManager.m; sourceTree = "<group>"; };
		3498FD2E1627B2560016EF72 /* NANetworkGCDHelper.h */ = {isa = PBXFileReference; fileEncoding = 4; lastKnownFileType = sourcecode.c.h; path = NANetworkGCDHelper.h; sourceTree = "<group>"; };
		3498FD2F1627B2560016EF72 /* NANetworkGCDHelper.m */ = {isa = PBXFileReference; fileEncoding = 4; lastKnownFileType = sourcecode.c.objc; path = NANetworkGCDHelper.m; sourceTree = "<group>"; };
		3498FD301627B2560016EF72 /* NANetworkConfig.h */ = {isa = PBXFileReference; fileEncoding = 4; lastKnownFileType = sourcecode.c.h; path = NANetworkConfig.h; sourceTree = "<group>"; };
		3498FD311627B2560016EF72 /* NANetworkConfig.m */ = {isa = PBXFileReference; fileEncoding = 4; lastKnownFileType = sourcecode.c.objc; path = NANetworkConfig.m; sourceTree = "<group>"; };
		3498FD331627B2560016EF72 /* NABaseNetworkOperation.h */ = {isa = PBXFileReference; fileEncoding = 4; lastKnownFileType = sourcecode.c.h; path = NABaseNetworkOperation.h; sourceTree = "<group>"; };
		3498FD341627B2560016EF72 /* NABaseNetworkOperation.m */ = {isa = PBXFileReference; fileEncoding = 4; lastKnownFileType = sourcecode.c.objc; path = NABaseNetworkOperation.m; sourceTree = "<group>"; };
		3498FD351627B2560016EF72 /* NANetworkOperation.h */ = {isa = PBXFileReference; fileEncoding = 4; lastKnownFileType = sourcecode.c.h; path = NANetworkOperation.h; sourceTree = "<group>"; };
		3498FD361627B2560016EF72 /* NANetworkOperation.m */ = {isa = PBXFileReference; fileEncoding = 4; lastKnownFileType = sourcecode.c.objc; path = NANetworkOperation.m; sourceTree = "<group>"; };
		3498FD371627B2560016EF72 /* NSOperationQueue+na.h */ = {isa = PBXFileReference; fileEncoding = 4; lastKnownFileType = sourcecode.c.h; path = "NSOperationQueue+na.h"; sourceTree = "<group>"; };
		3498FD381627B2560016EF72 /* NSOperationQueue+na.m */ = {isa = PBXFileReference; fileEncoding = 4; lastKnownFileType = sourcecode.c.objc; path = "NSOperationQueue+na.m"; sourceTree = "<group>"; };
		3498FD391627B2560016EF72 /* README.md */ = {isa = PBXFileReference; fileEncoding = 4; lastKnownFileType = text; path = README.md; sourceTree = "<group>"; };
		3498FD5E1627B2560016EF72 /* NATheme.h */ = {isa = PBXFileReference; fileEncoding = 4; lastKnownFileType = sourcecode.c.h; path = NATheme.h; sourceTree = "<group>"; };
		3498FD5F1627B2560016EF72 /* NATheme.m */ = {isa = PBXFileReference; fileEncoding = 4; lastKnownFileType = sourcecode.c.objc; path = NATheme.m; sourceTree = "<group>"; };
		3498FD611627B2560016EF72 /* NAViewController.h */ = {isa = PBXFileReference; fileEncoding = 4; lastKnownFileType = sourcecode.c.h; path = NAViewController.h; sourceTree = "<group>"; };
		3498FD621627B2560016EF72 /* NAViewController.m */ = {isa = PBXFileReference; fileEncoding = 4; lastKnownFileType = sourcecode.c.objc; path = NAViewController.m; sourceTree = "<group>"; };
		3498FD631627B2560016EF72 /* NAViewControllerProtocol.h */ = {isa = PBXFileReference; fileEncoding = 4; lastKnownFileType = sourcecode.c.h; path = NAViewControllerProtocol.h; sourceTree = "<group>"; };
		3498FD651627B2560016EF72 /* NATableViewController.h */ = {isa = PBXFileReference; fileEncoding = 4; lastKnownFileType = sourcecode.c.h; path = NATableViewController.h; sourceTree = "<group>"; };
		3498FD661627B2560016EF72 /* NATableViewController.m */ = {isa = PBXFileReference; fileEncoding = 4; lastKnownFileType = sourcecode.c.objc; path = NATableViewController.m; sourceTree = "<group>"; };
		34CB493016267E15009A0E87 /* na_ios_test.app */ = {isa = PBXFileReference; explicitFileType = wrapper.application; includeInIndex = 0; path = na_ios_test.app; sourceTree = BUILT_PRODUCTS_DIR; };
		34CB493416267E15009A0E87 /* UIKit.framework */ = {isa = PBXFileReference; lastKnownFileType = wrapper.framework; name = UIKit.framework; path = System/Library/Frameworks/UIKit.framework; sourceTree = SDKROOT; };
		34CB493616267E15009A0E87 /* Foundation.framework */ = {isa = PBXFileReference; lastKnownFileType = wrapper.framework; name = Foundation.framework; path = System/Library/Frameworks/Foundation.framework; sourceTree = SDKROOT; };
		34CB493816267E15009A0E87 /* CoreGraphics.framework */ = {isa = PBXFileReference; lastKnownFileType = wrapper.framework; name = CoreGraphics.framework; path = System/Library/Frameworks/CoreGraphics.framework; sourceTree = SDKROOT; };
		34CB493A16267E15009A0E87 /* CoreData.framework */ = {isa = PBXFileReference; lastKnownFileType = wrapper.framework; name = CoreData.framework; path = System/Library/Frameworks/CoreData.framework; sourceTree = SDKROOT; };
		34CB493E16267E15009A0E87 /* na_ios_test-Info.plist */ = {isa = PBXFileReference; lastKnownFileType = text.plist.xml; path = "na_ios_test-Info.plist"; sourceTree = "<group>"; };
		34CB494016267E15009A0E87 /* en */ = {isa = PBXFileReference; lastKnownFileType = text.plist.strings; name = en; path = en.lproj/InfoPlist.strings; sourceTree = "<group>"; };
		34CB494216267E15009A0E87 /* main.m */ = {isa = PBXFileReference; lastKnownFileType = sourcecode.c.objc; path = main.m; sourceTree = "<group>"; };
		34CB494416267E15009A0E87 /* na_ios_test-Prefix.pch */ = {isa = PBXFileReference; lastKnownFileType = sourcecode.c.h; path = "na_ios_test-Prefix.pch"; sourceTree = "<group>"; };
		34CB494516267E15009A0E87 /* AppDelegate.h */ = {isa = PBXFileReference; lastKnownFileType = sourcecode.c.h; path = AppDelegate.h; sourceTree = "<group>"; };
		34CB494616267E15009A0E87 /* AppDelegate.m */ = {isa = PBXFileReference; lastKnownFileType = sourcecode.c.objc; path = AppDelegate.m; sourceTree = "<group>"; };
		34CB494816267E15009A0E87 /* Default.png */ = {isa = PBXFileReference; lastKnownFileType = image.png; path = Default.png; sourceTree = "<group>"; };
		34CB494A16267E15009A0E87 /* Default@2x.png */ = {isa = PBXFileReference; lastKnownFileType = image.png; path = "Default@2x.png"; sourceTree = "<group>"; };
		34CB494C16267E15009A0E87 /* Default-568h@2x.png */ = {isa = PBXFileReference; lastKnownFileType = image.png; path = "Default-568h@2x.png"; sourceTree = "<group>"; };
		34CB494F16267E15009A0E87 /* na_ios_test.xcdatamodel */ = {isa = PBXFileReference; lastKnownFileType = wrapper.xcdatamodel; path = na_ios_test.xcdatamodel; sourceTree = "<group>"; };
		34CB495616267E15009A0E87 /* na_ios_testTests.octest */ = {isa = PBXFileReference; explicitFileType = wrapper.cfbundle; includeInIndex = 0; path = na_ios_testTests.octest; sourceTree = BUILT_PRODUCTS_DIR; };
		34CB495716267E15009A0E87 /* SenTestingKit.framework */ = {isa = PBXFileReference; lastKnownFileType = wrapper.framework; name = SenTestingKit.framework; path = Library/Frameworks/SenTestingKit.framework; sourceTree = DEVELOPER_DIR; };
		34CB496016267E15009A0E87 /* na_ios_testTests-Info.plist */ = {isa = PBXFileReference; lastKnownFileType = text.plist.xml; path = "na_ios_testTests-Info.plist"; sourceTree = "<group>"; };
		34CB496216267E15009A0E87 /* en */ = {isa = PBXFileReference; lastKnownFileType = text.plist.strings; name = en; path = en.lproj/InfoPlist.strings; sourceTree = "<group>"; };
		34CB4A1216267FF0009A0E87 /* TestNANetworkGCD.h */ = {isa = PBXFileReference; fileEncoding = 4; lastKnownFileType = sourcecode.c.h; path = TestNANetworkGCD.h; sourceTree = "<group>"; };
		34CB4A1316267FF0009A0E87 /* TestNANetworkGCD.m */ = {isa = PBXFileReference; fileEncoding = 4; lastKnownFileType = sourcecode.c.objc; path = TestNANetworkGCD.m; sourceTree = "<group>"; };
		34CB4A191626831C009A0E87 /* na_ios_ghunit.app */ = {isa = PBXFileReference; explicitFileType = wrapper.application; includeInIndex = 0; path = na_ios_ghunit.app; sourceTree = BUILT_PRODUCTS_DIR; };
		34CB4A201626831C009A0E87 /* na_ios_ghunit-Info.plist */ = {isa = PBXFileReference; lastKnownFileType = text.plist.xml; path = "na_ios_ghunit-Info.plist"; sourceTree = "<group>"; };
		34CB4A221626831C009A0E87 /* en */ = {isa = PBXFileReference; lastKnownFileType = text.plist.strings; name = en; path = en.lproj/InfoPlist.strings; sourceTree = "<group>"; };
		34CB4A241626831C009A0E87 /* main.m */ = {isa = PBXFileReference; lastKnownFileType = sourcecode.c.objc; path = main.m; sourceTree = "<group>"; };
		34CB4A261626831C009A0E87 /* na_ios_ghunit-Prefix.pch */ = {isa = PBXFileReference; lastKnownFileType = sourcecode.c.h; path = "na_ios_ghunit-Prefix.pch"; sourceTree = "<group>"; };
		34CB4A2A1626831C009A0E87 /* Default.png */ = {isa = PBXFileReference; lastKnownFileType = image.png; path = Default.png; sourceTree = "<group>"; };
		34CB4A2C1626831C009A0E87 /* Default@2x.png */ = {isa = PBXFileReference; lastKnownFileType = image.png; path = "Default@2x.png"; sourceTree = "<group>"; };
		34CB4A2E1626831C009A0E87 /* Default-568h@2x.png */ = {isa = PBXFileReference; lastKnownFileType = image.png; path = "Default-568h@2x.png"; sourceTree = "<group>"; };
		34CB4A39162684A8009A0E87 /* GHUnitIOS.framework */ = {isa = PBXFileReference; lastKnownFileType = wrapper.framework; name = GHUnitIOS.framework; path = na_ios_ghunit/GHUnitIOS.framework; sourceTree = "<group>"; };
		34CB4A3E162684D6009A0E87 /* na_ios_ghunit.xcscheme */ = {isa = PBXFileReference; lastKnownFileType = text.xml; path = na_ios_ghunit.xcscheme; sourceTree = "<group>"; };
		34CB4A3F162684D6009A0E87 /* na_ios_test.xcscheme */ = {isa = PBXFileReference; lastKnownFileType = text.xml; path = na_ios_test.xcscheme; sourceTree = "<group>"; };
		34CB4A40162684D6009A0E87 /* xcschememanagement.plist */ = {isa = PBXFileReference; lastKnownFileType = text.plist.xml; path = xcschememanagement.plist; sourceTree = "<group>"; };
		34CB4A4616268A81009A0E87 /* MyTest.h */ = {isa = PBXFileReference; fileEncoding = 4; lastKnownFileType = sourcecode.c.h; path = MyTest.h; sourceTree = "<group>"; };
		34CB4A4716268A81009A0E87 /* MyTest.m */ = {isa = PBXFileReference; fileEncoding = 4; lastKnownFileType = sourcecode.c.objc; path = MyTest.m; sourceTree = "<group>"; };
/* End PBXFileReference section */

/* Begin PBXFrameworksBuildPhase section */
		34CB492D16267E15009A0E87 /* Frameworks */ = {
			isa = PBXFrameworksBuildPhase;
			buildActionMask = 2147483647;
			files = (
				34CB493516267E15009A0E87 /* UIKit.framework in Frameworks */,
				34CB493716267E15009A0E87 /* Foundation.framework in Frameworks */,
				34CB493916267E15009A0E87 /* CoreGraphics.framework in Frameworks */,
				34CB493B16267E15009A0E87 /* CoreData.framework in Frameworks */,
			);
			runOnlyForDeploymentPostprocessing = 0;
		};
		34CB495216267E15009A0E87 /* Frameworks */ = {
			isa = PBXFrameworksBuildPhase;
			buildActionMask = 2147483647;
			files = (
				34CB495816267E15009A0E87 /* SenTestingKit.framework in Frameworks */,
				34CB495916267E15009A0E87 /* UIKit.framework in Frameworks */,
				34CB495A16267E15009A0E87 /* Foundation.framework in Frameworks */,
				34CB495B16267E15009A0E87 /* CoreData.framework in Frameworks */,
			);
			runOnlyForDeploymentPostprocessing = 0;
		};
		34CB4A161626831C009A0E87 /* Frameworks */ = {
			isa = PBXFrameworksBuildPhase;
			buildActionMask = 2147483647;
			files = (
				34CB4A4216268513009A0E87 /* GHUnitIOS.framework in Frameworks */,
				34CB4A4116268502009A0E87 /* CoreData.framework in Frameworks */,
				34CB4A1B1626831C009A0E87 /* UIKit.framework in Frameworks */,
				34CB4A1C1626831C009A0E87 /* Foundation.framework in Frameworks */,
				34CB4A1D1626831C009A0E87 /* CoreGraphics.framework in Frameworks */,
			);
			runOnlyForDeploymentPostprocessing = 0;
		};
/* End PBXFrameworksBuildPhase section */

/* Begin PBXGroup section */
		3498FCEF1627B2560016EF72 /* na_ios */ = {
			isa = PBXGroup;
			children = (
				3498FCF01627B2560016EF72 /* .gitignore */,
				3498FCF11627B2560016EF72 /* coredata */,
				3498FD081627B2560016EF72 /* coredata_sync */,
				3498FD1B1627B2560016EF72 /* form */,
				3498FD2A1627B2560016EF72 /* network */,
				3498FD391627B2560016EF72 /* README.md */,
				3498FD5D1627B2560016EF72 /* theme */,
				3498FD601627B2560016EF72 /* ui */,
			);
			name = na_ios;
			path = ..;
			sourceTree = "<group>";
		};
		3498FCF11627B2560016EF72 /* coredata */ = {
			isa = PBXGroup;
			children = (
				3498FCF21627B2560016EF72 /* helpers */,
				3498FCF91627B2560016EF72 /* modelcontrollers */,
				3498FCFC1627B2560016EF72 /* models */,
				3498FD011627B2560016EF72 /* viewcontrollers */,
			);
			path = coredata;
			sourceTree = "<group>";
		};
		3498FCF21627B2560016EF72 /* helpers */ = {
			isa = PBXGroup;
			children = (
				3498FCF31627B2560016EF72 /* NAFetchHelper.h */,
				3498FCF41627B2560016EF72 /* NAFetchHelper.m */,
				3498FCF51627B2560016EF72 /* NSFetchRequest+na.h */,
				3498FCF61627B2560016EF72 /* NSFetchRequest+na.m */,
				3498FCF71627B2560016EF72 /* NSManagedObjectContext+na.h */,
				3498FCF81627B2560016EF72 /* NSManagedObjectContext+na.m */,
			);
			path = helpers;
			sourceTree = "<group>";
		};
		3498FCF91627B2560016EF72 /* modelcontrollers */ = {
			isa = PBXGroup;
			children = (
				3498FCFA1627B2560016EF72 /* NAModelController.h */,
				3498FCFB1627B2560016EF72 /* NAModelController.m */,
			);
			path = modelcontrollers;
			sourceTree = "<group>";
		};
		3498FCFC1627B2560016EF72 /* models */ = {
			isa = PBXGroup;
			children = (
				3498FCFD1627B2560016EF72 /* NSDictionaryTransformer.h */,
				3498FCFE1627B2560016EF72 /* NSDictionaryTransformer.m */,
				3498FCFF1627B2560016EF72 /* NSManagedObject+na.h */,
				3498FD001627B2560016EF72 /* NSManagedObject+na.m */,
			);
			path = models;
			sourceTree = "<group>";
		};
		3498FD011627B2560016EF72 /* viewcontrollers */ = {
			isa = PBXGroup;
			children = (
				3498FD021627B2560016EF72 /* NAFRCDelegateTableViewController.h */,
				3498FD031627B2560016EF72 /* NAFRCDelegateTableViewController.m */,
				3498FD041627B2560016EF72 /* NAFRCTableViewController.h */,
				3498FD051627B2560016EF72 /* NAFRCTableViewController.m */,
				3498FD061627B2560016EF72 /* NAFRCTableWithAppendViewController.h */,
				3498FD071627B2560016EF72 /* NAFRCTableWithAppendViewController.m */,
			);
			path = viewcontrollers;
			sourceTree = "<group>";
		};
		3498FD081627B2560016EF72 /* coredata_sync */ = {
			isa = PBXGroup;
			children = (
				3498FD091627B2560016EF72 /* drivers */,
				3498FD111627B2560016EF72 /* helpers */,
				3498FD141627B2560016EF72 /* models */,
			);
			path = coredata_sync;
			sourceTree = "<group>";
		};
		3498FD091627B2560016EF72 /* drivers */ = {
			isa = PBXGroup;
			children = (
				3498FD0A1627B2560016EF72 /* NADefaultMappingDriver.h */,
				3498FD0B1627B2560016EF72 /* NADefaultMappingDriver.m */,
				3498FD0C1627B2560016EF72 /* NADefaultRestDriver.h */,
				3498FD0D1627B2560016EF72 /* NADefaultRestDriver.m */,
				3498FD0E1627B2560016EF72 /* NAMappingDriver.h */,
				3498FD0F1627B2560016EF72 /* NAMappingDriver.m */,
				3498FD101627B2560016EF72 /* NARestDriverProtocol.h */,
			);
			path = drivers;
			sourceTree = "<group>";
		};
		3498FD111627B2560016EF72 /* helpers */ = {
			isa = PBXGroup;
			children = (
				3498FD121627B2560016EF72 /* NASyncHelper.h */,
				3498FD131627B2560016EF72 /* NASyncHelper.m */,
			);
			path = helpers;
			sourceTree = "<group>";
		};
		3498FD141627B2560016EF72 /* models */ = {
			isa = PBXGroup;
			children = (
				3498FD151627B2560016EF72 /* hoge.xcdatamodeld */,
				3498FD171627B2560016EF72 /* SyncBaseModel+sync.h */,
				3498FD181627B2560016EF72 /* SyncBaseModel+sync.m */,
				3498FD191627B2560016EF72 /* SyncBaseModel.h */,
				3498FD1A1627B2560016EF72 /* SyncBaseModel.m */,
			);
			path = models;
			sourceTree = "<group>";
		};
		3498FD1B1627B2560016EF72 /* form */ = {
			isa = PBXGroup;
			children = (
				3498FD1C1627B2560016EF72 /* NAValidator.h */,
				3498FD1D1627B2560016EF72 /* NAValidator.m */,
				3498FD1E1627B2560016EF72 /* objects */,
				3498FD251627B2560016EF72 /* views */,
			);
			path = form;
			sourceTree = "<group>";
		};
		3498FD1E1627B2560016EF72 /* objects */ = {
			isa = PBXGroup;
			children = (
				3498FD1F1627B2560016EF72 /* NAFormValue.h */,
				3498FD201627B2560016EF72 /* NAFormValue.m */,
				3498FD211627B2560016EF72 /* NAMultipleFormValue.h */,
				3498FD221627B2560016EF72 /* NAMultipleFormValue.m */,
				3498FD231627B2560016EF72 /* NASelectFormValue.h */,
				3498FD241627B2560016EF72 /* NASelectFormValue.m */,
			);
			path = objects;
			sourceTree = "<group>";
		};
		3498FD251627B2560016EF72 /* views */ = {
			isa = PBXGroup;
			children = (
				3498FD261627B2560016EF72 /* NAFormCell.h */,
				3498FD271627B2560016EF72 /* NAFormCell.m */,
				3498FD281627B2560016EF72 /* NAFormTextFieldCell.h */,
				3498FD291627B2560016EF72 /* NAFormTextFieldCell.m */,
			);
			path = views;
			sourceTree = "<group>";
		};
		3498FD2A1627B2560016EF72 /* network */ = {
			isa = PBXGroup;
			children = (
				3498FD2B1627B2560016EF72 /* AFNetworkActivityIndicatorManager.h */,
				3498FD2C1627B2560016EF72 /* AFNetworkActivityIndicatorManager.m */,
				3498FD2D1627B2560016EF72 /* gcds */,
				3498FD301627B2560016EF72 /* NANetworkConfig.h */,
				3498FD311627B2560016EF72 /* NANetworkConfig.m */,
				3498FD321627B2560016EF72 /* operations */,
			);
			path = network;
			sourceTree = "<group>";
		};
		3498FD2D1627B2560016EF72 /* gcds */ = {
			isa = PBXGroup;
			children = (
				3498FD2E1627B2560016EF72 /* NANetworkGCDHelper.h */,
				3498FD2F1627B2560016EF72 /* NANetworkGCDHelper.m */,
			);
			path = gcds;
			sourceTree = "<group>";
		};
		3498FD321627B2560016EF72 /* operations */ = {
			isa = PBXGroup;
			children = (
				3498FD331627B2560016EF72 /* NABaseNetworkOperation.h */,
				3498FD341627B2560016EF72 /* NABaseNetworkOperation.m */,
				3498FD351627B2560016EF72 /* NANetworkOperation.h */,
				3498FD361627B2560016EF72 /* NANetworkOperation.m */,
				3498FD371627B2560016EF72 /* NSOperationQueue+na.h */,
				3498FD381627B2560016EF72 /* NSOperationQueue+na.m */,
			);
			path = operations;
			sourceTree = "<group>";
		};
		3498FD5D1627B2560016EF72 /* theme */ = {
			isa = PBXGroup;
			children = (
				3498FD5E1627B2560016EF72 /* NATheme.h */,
				3498FD5F1627B2560016EF72 /* NATheme.m */,
			);
			path = theme;
			sourceTree = "<group>";
		};
		3498FD601627B2560016EF72 /* ui */ = {
			isa = PBXGroup;
			children = (
				3498FD611627B2560016EF72 /* NAViewController.h */,
				3498FD621627B2560016EF72 /* NAViewController.m */,
				3498FD631627B2560016EF72 /* NAViewControllerProtocol.h */,
				3498FD641627B2560016EF72 /* table */,
			);
			path = ui;
			sourceTree = "<group>";
		};
		3498FD641627B2560016EF72 /* table */ = {
			isa = PBXGroup;
			children = (
				3498FD651627B2560016EF72 /* NATableViewController.h */,
				3498FD661627B2560016EF72 /* NATableViewController.m */,
			);
			path = table;
			sourceTree = "<group>";
		};
		34CB492516267E15009A0E87 = {
			isa = PBXGroup;
			children = (
				3498FCEF1627B2560016EF72 /* na_ios */,
				34CB4A3B162684D6009A0E87 /* xcuserdata */,
				34CB493C16267E15009A0E87 /* na_ios_test */,
				34CB495E16267E15009A0E87 /* na_ios_testTests */,
				34CB4A1E1626831C009A0E87 /* na_ios_ghunit */,
				34CB493316267E15009A0E87 /* Frameworks */,
				34CB493116267E15009A0E87 /* Products */,
			);
			sourceTree = "<group>";
		};
		34CB493116267E15009A0E87 /* Products */ = {
			isa = PBXGroup;
			children = (
				34CB493016267E15009A0E87 /* na_ios_test.app */,
				34CB495616267E15009A0E87 /* na_ios_testTests.octest */,
				34CB4A191626831C009A0E87 /* na_ios_ghunit.app */,
			);
			name = Products;
			sourceTree = "<group>";
		};
		34CB493316267E15009A0E87 /* Frameworks */ = {
			isa = PBXGroup;
			children = (
				34CB4A39162684A8009A0E87 /* GHUnitIOS.framework */,
				34CB493416267E15009A0E87 /* UIKit.framework */,
				34CB493616267E15009A0E87 /* Foundation.framework */,
				34CB493816267E15009A0E87 /* CoreGraphics.framework */,
				34CB493A16267E15009A0E87 /* CoreData.framework */,
				34CB495716267E15009A0E87 /* SenTestingKit.framework */,
			);
			name = Frameworks;
			sourceTree = "<group>";
		};
		34CB493C16267E15009A0E87 /* na_ios_test */ = {
			isa = PBXGroup;
			children = (
				34CB494516267E15009A0E87 /* AppDelegate.h */,
				34CB494616267E15009A0E87 /* AppDelegate.m */,
				34CB494E16267E15009A0E87 /* na_ios_test.xcdatamodeld */,
				34CB493D16267E15009A0E87 /* Supporting Files */,
			);
			path = na_ios_test;
			sourceTree = "<group>";
		};
		34CB493D16267E15009A0E87 /* Supporting Files */ = {
			isa = PBXGroup;
			children = (
				34CB493E16267E15009A0E87 /* na_ios_test-Info.plist */,
				34CB493F16267E15009A0E87 /* InfoPlist.strings */,
				34CB494216267E15009A0E87 /* main.m */,
				34CB494416267E15009A0E87 /* na_ios_test-Prefix.pch */,
				34CB494816267E15009A0E87 /* Default.png */,
				34CB494A16267E15009A0E87 /* Default@2x.png */,
				34CB494C16267E15009A0E87 /* Default-568h@2x.png */,
			);
			name = "Supporting Files";
			sourceTree = "<group>";
		};
		34CB495E16267E15009A0E87 /* na_ios_testTests */ = {
			isa = PBXGroup;
			children = (
				34CB495F16267E15009A0E87 /* Supporting Files */,
				34CB4A1216267FF0009A0E87 /* TestNANetworkGCD.h */,
				34CB4A1316267FF0009A0E87 /* TestNANetworkGCD.m */,
			);
			path = na_ios_testTests;
			sourceTree = "<group>";
		};
		34CB495F16267E15009A0E87 /* Supporting Files */ = {
			isa = PBXGroup;
			children = (
				34CB496016267E15009A0E87 /* na_ios_testTests-Info.plist */,
				34CB496116267E15009A0E87 /* InfoPlist.strings */,
			);
			name = "Supporting Files";
			sourceTree = "<group>";
		};
		34CB4A1E1626831C009A0E87 /* na_ios_ghunit */ = {
			isa = PBXGroup;
			children = (
				34CB4A1F1626831C009A0E87 /* Supporting Files */,
				34CB4A4616268A81009A0E87 /* MyTest.h */,
				34CB4A4716268A81009A0E87 /* MyTest.m */,
			);
			path = na_ios_ghunit;
			sourceTree = "<group>";
		};
		34CB4A1F1626831C009A0E87 /* Supporting Files */ = {
			isa = PBXGroup;
			children = (
				34CB4A201626831C009A0E87 /* na_ios_ghunit-Info.plist */,
				34CB4A211626831C009A0E87 /* InfoPlist.strings */,
				34CB4A241626831C009A0E87 /* main.m */,
				34CB4A261626831C009A0E87 /* na_ios_ghunit-Prefix.pch */,
				34CB4A2A1626831C009A0E87 /* Default.png */,
				34CB4A2C1626831C009A0E87 /* Default@2x.png */,
				34CB4A2E1626831C009A0E87 /* Default-568h@2x.png */,
			);
			name = "Supporting Files";
			sourceTree = "<group>";
		};
		34CB4A3B162684D6009A0E87 /* xcuserdata */ = {
			isa = PBXGroup;
			children = (
				34CB4A3C162684D6009A0E87 /* nashibao.xcuserdatad */,
			);
			name = xcuserdata;
			path = na_ios_test.xcodeproj/xcuserdata;
			sourceTree = "<group>";
		};
		34CB4A3C162684D6009A0E87 /* nashibao.xcuserdatad */ = {
			isa = PBXGroup;
			children = (
				34CB4A3D162684D6009A0E87 /* xcschemes */,
			);
			path = nashibao.xcuserdatad;
			sourceTree = "<group>";
		};
		34CB4A3D162684D6009A0E87 /* xcschemes */ = {
			isa = PBXGroup;
			children = (
				34CB4A3E162684D6009A0E87 /* na_ios_ghunit.xcscheme */,
				34CB4A3F162684D6009A0E87 /* na_ios_test.xcscheme */,
				34CB4A40162684D6009A0E87 /* xcschememanagement.plist */,
			);
			path = xcschemes;
			sourceTree = "<group>";
		};
/* End PBXGroup section */

/* Begin PBXNativeTarget section */
		34CB492F16267E15009A0E87 /* na_ios_test */ = {
			isa = PBXNativeTarget;
			buildConfigurationList = 34CB496916267E15009A0E87 /* Build configuration list for PBXNativeTarget "na_ios_test" */;
			buildPhases = (
				34CB492C16267E15009A0E87 /* Sources */,
				34CB492D16267E15009A0E87 /* Frameworks */,
				34CB492E16267E15009A0E87 /* Resources */,
			);
			buildRules = (
			);
			dependencies = (
			);
			name = na_ios_test;
			productName = na_ios_test;
			productReference = 34CB493016267E15009A0E87 /* na_ios_test.app */;
			productType = "com.apple.product-type.application";
		};
		34CB495516267E15009A0E87 /* na_ios_testTests */ = {
			isa = PBXNativeTarget;
			buildConfigurationList = 34CB496C16267E15009A0E87 /* Build configuration list for PBXNativeTarget "na_ios_testTests" */;
			buildPhases = (
				34CB495116267E15009A0E87 /* Sources */,
				34CB495216267E15009A0E87 /* Frameworks */,
				34CB495316267E15009A0E87 /* Resources */,
				34CB495416267E15009A0E87 /* ShellScript */,
			);
			buildRules = (
			);
			dependencies = (
				34CB495D16267E15009A0E87 /* PBXTargetDependency */,
			);
			name = na_ios_testTests;
			productName = na_ios_testTests;
			productReference = 34CB495616267E15009A0E87 /* na_ios_testTests.octest */;
			productType = "com.apple.product-type.bundle";
		};
		34CB4A181626831C009A0E87 /* na_ios_ghunit */ = {
			isa = PBXNativeTarget;
			buildConfigurationList = 34CB4A361626831C009A0E87 /* Build configuration list for PBXNativeTarget "na_ios_ghunit" */;
			buildPhases = (
				34CB4A151626831C009A0E87 /* Sources */,
				34CB4A161626831C009A0E87 /* Frameworks */,
				34CB4A171626831C009A0E87 /* Resources */,
			);
			buildRules = (
			);
			dependencies = (
			);
			name = na_ios_ghunit;
			productName = na_ios_ghunit;
			productReference = 34CB4A191626831C009A0E87 /* na_ios_ghunit.app */;
			productType = "com.apple.product-type.application";
		};
/* End PBXNativeTarget section */

/* Begin PBXProject section */
		34CB492716267E15009A0E87 /* Project object */ = {
			isa = PBXProject;
			attributes = {
				LastUpgradeCheck = 0450;
				ORGANIZATIONNAME = nashibao;
			};
			buildConfigurationList = 34CB492A16267E15009A0E87 /* Build configuration list for PBXProject "na_ios_test" */;
			compatibilityVersion = "Xcode 3.2";
			developmentRegion = English;
			hasScannedForEncodings = 0;
			knownRegions = (
				en,
			);
			mainGroup = 34CB492516267E15009A0E87;
			productRefGroup = 34CB493116267E15009A0E87 /* Products */;
			projectDirPath = "";
			projectRoot = "";
			targets = (
				34CB492F16267E15009A0E87 /* na_ios_test */,
				34CB495516267E15009A0E87 /* na_ios_testTests */,
				34CB4A181626831C009A0E87 /* na_ios_ghunit */,
			);
		};
/* End PBXProject section */

/* Begin PBXResourcesBuildPhase section */
		34CB492E16267E15009A0E87 /* Resources */ = {
			isa = PBXResourcesBuildPhase;
			buildActionMask = 2147483647;
			files = (
				34CB494116267E15009A0E87 /* InfoPlist.strings in Resources */,
				34CB494916267E15009A0E87 /* Default.png in Resources */,
				34CB494B16267E15009A0E87 /* Default@2x.png in Resources */,
				34CB494D16267E15009A0E87 /* Default-568h@2x.png in Resources */,
				3498FD671627B2560016EF72 /* .gitignore in Resources */,
				3498FD841627B2560016EF72 /* README.md in Resources */,
			);
			runOnlyForDeploymentPostprocessing = 0;
		};
		34CB495316267E15009A0E87 /* Resources */ = {
			isa = PBXResourcesBuildPhase;
			buildActionMask = 2147483647;
			files = (
				34CB496316267E15009A0E87 /* InfoPlist.strings in Resources */,
			);
			runOnlyForDeploymentPostprocessing = 0;
		};
		34CB4A171626831C009A0E87 /* Resources */ = {
			isa = PBXResourcesBuildPhase;
			buildActionMask = 2147483647;
			files = (
				34CB4A231626831C009A0E87 /* InfoPlist.strings in Resources */,
				34CB4A2B1626831C009A0E87 /* Default.png in Resources */,
				34CB4A2D1626831C009A0E87 /* Default@2x.png in Resources */,
				34CB4A2F1626831C009A0E87 /* Default-568h@2x.png in Resources */,
			);
			runOnlyForDeploymentPostprocessing = 0;
		};
/* End PBXResourcesBuildPhase section */

/* Begin PBXShellScriptBuildPhase section */
		34CB495416267E15009A0E87 /* ShellScript */ = {
			isa = PBXShellScriptBuildPhase;
			buildActionMask = 2147483647;
			files = (
			);
			inputPaths = (
			);
			outputPaths = (
			);
			runOnlyForDeploymentPostprocessing = 0;
			shellPath = /bin/sh;
			shellScript = "# Run the unit tests in this test bundle.\n\"${SYSTEM_DEVELOPER_DIR}/Tools/RunUnitTests\"\n";
		};
/* End PBXShellScriptBuildPhase section */

/* Begin PBXSourcesBuildPhase section */
		34CB492C16267E15009A0E87 /* Sources */ = {
			isa = PBXSourcesBuildPhase;
			buildActionMask = 2147483647;
			files = (
				34CB494316267E15009A0E87 /* main.m in Sources */,
				34CB494716267E15009A0E87 /* AppDelegate.m in Sources */,
				34CB495016267E15009A0E87 /* na_ios_test.xcdatamodeld in Sources */,
				3498FD681627B2560016EF72 /* NAFetchHelper.m in Sources */,
				3498FD691627B2560016EF72 /* NSFetchRequest+na.m in Sources */,
				3498FD6A1627B2560016EF72 /* NSManagedObjectContext+na.m in Sources */,
				3498FD6B1627B2560016EF72 /* NAModelController.m in Sources */,
				3498FD6C1627B2560016EF72 /* NSDictionaryTransformer.m in Sources */,
				3498FD6D1627B2560016EF72 /* NSManagedObject+na.m in Sources */,
				3498FD6E1627B2560016EF72 /* NAFRCDelegateTableViewController.m in Sources */,
				3498FD6F1627B2560016EF72 /* NAFRCTableViewController.m in Sources */,
				3498FD701627B2560016EF72 /* NAFRCTableWithAppendViewController.m in Sources */,
				3498FD711627B2560016EF72 /* NADefaultMappingDriver.m in Sources */,
				3498FD721627B2560016EF72 /* NADefaultRestDriver.m in Sources */,
				3498FD731627B2560016EF72 /* NAMappingDriver.m in Sources */,
				3498FD741627B2560016EF72 /* NASyncHelper.m in Sources */,
				3498FD751627B2560016EF72 /* hoge.xcdatamodeld in Sources */,
				3498FD761627B2560016EF72 /* SyncBaseModel+sync.m in Sources */,
				3498FD771627B2560016EF72 /* SyncBaseModel.m in Sources */,
				3498FD781627B2560016EF72 /* NAValidator.m in Sources */,
				3498FD791627B2560016EF72 /* NAFormValue.m in Sources */,
				3498FD7A1627B2560016EF72 /* NAMultipleFormValue.m in Sources */,
				3498FD7B1627B2560016EF72 /* NASelectFormValue.m in Sources */,
				3498FD7C1627B2560016EF72 /* NAFormCell.m in Sources */,
				3498FD7D1627B2560016EF72 /* NAFormTextFieldCell.m in Sources */,
				3498FD7E1627B2560016EF72 /* AFNetworkActivityIndicatorManager.m in Sources */,
				3498FD7F1627B2560016EF72 /* NANetworkGCDHelper.m in Sources */,
				3498FD801627B2560016EF72 /* NANetworkConfig.m in Sources */,
				3498FD811627B2560016EF72 /* NABaseNetworkOperation.m in Sources */,
				3498FD821627B2560016EF72 /* NANetworkOperation.m in Sources */,
				3498FD831627B2560016EF72 /* NSOperationQueue+na.m in Sources */,
				3498FD981627B2560016EF72 /* NATheme.m in Sources */,
				3498FD991627B2560016EF72 /* NAViewController.m in Sources */,
				3498FD9A1627B2560016EF72 /* NATableViewController.m in Sources */,
			);
			runOnlyForDeploymentPostprocessing = 0;
		};
		34CB495116267E15009A0E87 /* Sources */ = {
			isa = PBXSourcesBuildPhase;
			buildActionMask = 2147483647;
			files = (
				34CB4A1416267FF0009A0E87 /* TestNANetworkGCD.m in Sources */,
			);
			runOnlyForDeploymentPostprocessing = 0;
		};
		34CB4A151626831C009A0E87 /* Sources */ = {
			isa = PBXSourcesBuildPhase;
			buildActionMask = 2147483647;
			files = (
				34CB4A251626831C009A0E87 /* main.m in Sources */,
				34CB4A4816268A81009A0E87 /* MyTest.m in Sources */,
			);
			runOnlyForDeploymentPostprocessing = 0;
		};
/* End PBXSourcesBuildPhase section */

/* Begin PBXTargetDependency section */
		34CB495D16267E15009A0E87 /* PBXTargetDependency */ = {
			isa = PBXTargetDependency;
			target = 34CB492F16267E15009A0E87 /* na_ios_test */;
			targetProxy = 34CB495C16267E15009A0E87 /* PBXContainerItemProxy */;
		};
/* End PBXTargetDependency section */

/* Begin PBXVariantGroup section */
		34CB493F16267E15009A0E87 /* InfoPlist.strings */ = {
			isa = PBXVariantGroup;
			children = (
				34CB494016267E15009A0E87 /* en */,
			);
			name = InfoPlist.strings;
			sourceTree = "<group>";
		};
		34CB496116267E15009A0E87 /* InfoPlist.strings */ = {
			isa = PBXVariantGroup;
			children = (
				34CB496216267E15009A0E87 /* en */,
			);
			name = InfoPlist.strings;
			sourceTree = "<group>";
		};
		34CB4A211626831C009A0E87 /* InfoPlist.strings */ = {
			isa = PBXVariantGroup;
			children = (
				34CB4A221626831C009A0E87 /* en */,
			);
			name = InfoPlist.strings;
			sourceTree = "<group>";
		};
/* End PBXVariantGroup section */

/* Begin XCBuildConfiguration section */
		34CB496716267E15009A0E87 /* Debug */ = {
			isa = XCBuildConfiguration;
			buildSettings = {
				ALWAYS_SEARCH_USER_PATHS = NO;
				CLANG_CXX_LANGUAGE_STANDARD = "gnu++0x";
				CLANG_CXX_LIBRARY = "libc++";
				CLANG_ENABLE_OBJC_ARC = YES;
				CLANG_WARN_EMPTY_BODY = YES;
				CLANG_WARN__DUPLICATE_METHOD_MATCH = YES;
				"CODE_SIGN_IDENTITY[sdk=iphoneos*]" = "iPhone Developer";
				COPY_PHASE_STRIP = NO;
				GCC_C_LANGUAGE_STANDARD = gnu99;
				GCC_DYNAMIC_NO_PIC = NO;
				GCC_OPTIMIZATION_LEVEL = 0;
				GCC_PREPROCESSOR_DEFINITIONS = (
					"DEBUG=1",
					"$(inherited)",
				);
				GCC_SYMBOLS_PRIVATE_EXTERN = NO;
				GCC_WARN_ABOUT_RETURN_TYPE = YES;
				GCC_WARN_UNINITIALIZED_AUTOS = YES;
				GCC_WARN_UNUSED_VARIABLE = YES;
				IPHONEOS_DEPLOYMENT_TARGET = 6.0;
				ONLY_ACTIVE_ARCH = YES;
				SDKROOT = iphoneos;
			};
			name = Debug;
		};
		34CB496816267E15009A0E87 /* Release */ = {
			isa = XCBuildConfiguration;
			buildSettings = {
				ALWAYS_SEARCH_USER_PATHS = NO;
				CLANG_CXX_LANGUAGE_STANDARD = "gnu++0x";
				CLANG_CXX_LIBRARY = "libc++";
				CLANG_ENABLE_OBJC_ARC = YES;
				CLANG_WARN_EMPTY_BODY = YES;
				CLANG_WARN__DUPLICATE_METHOD_MATCH = YES;
				"CODE_SIGN_IDENTITY[sdk=iphoneos*]" = "iPhone Developer";
				COPY_PHASE_STRIP = YES;
				GCC_C_LANGUAGE_STANDARD = gnu99;
				GCC_WARN_ABOUT_RETURN_TYPE = YES;
				GCC_WARN_UNINITIALIZED_AUTOS = YES;
				GCC_WARN_UNUSED_VARIABLE = YES;
				IPHONEOS_DEPLOYMENT_TARGET = 6.0;
				OTHER_CFLAGS = "-DNS_BLOCK_ASSERTIONS=1";
				SDKROOT = iphoneos;
				VALIDATE_PRODUCT = YES;
			};
			name = Release;
		};
		34CB496A16267E15009A0E87 /* Debug */ = {
			isa = XCBuildConfiguration;
			buildSettings = {
				FRAMEWORK_SEARCH_PATHS = (
					"$(inherited)",
					"\"$(SRCROOT)/na_ios_ghunit\"",
				);
				GCC_PRECOMPILE_PREFIX_HEADER = YES;
				GCC_PREFIX_HEADER = "na_ios_test/na_ios_test-Prefix.pch";
				INFOPLIST_FILE = "na_ios_test/na_ios_test-Info.plist";
				PRODUCT_NAME = "$(TARGET_NAME)";
				WRAPPER_EXTENSION = app;
			};
			name = Debug;
		};
		34CB496B16267E15009A0E87 /* Release */ = {
			isa = XCBuildConfiguration;
			buildSettings = {
				FRAMEWORK_SEARCH_PATHS = (
					"$(inherited)",
					"\"$(SRCROOT)/na_ios_ghunit\"",
				);
				GCC_PRECOMPILE_PREFIX_HEADER = YES;
				GCC_PREFIX_HEADER = "na_ios_test/na_ios_test-Prefix.pch";
				INFOPLIST_FILE = "na_ios_test/na_ios_test-Info.plist";
				PRODUCT_NAME = "$(TARGET_NAME)";
				WRAPPER_EXTENSION = app;
			};
			name = Release;
		};
		34CB496D16267E15009A0E87 /* Debug */ = {
			isa = XCBuildConfiguration;
			buildSettings = {
				BUNDLE_LOADER = "$(BUILT_PRODUCTS_DIR)/na_ios_test.app/na_ios_test";
				FRAMEWORK_SEARCH_PATHS = (
					"\"$(SDKROOT)/Developer/Library/Frameworks\"",
					"\"$(DEVELOPER_LIBRARY_DIR)/Frameworks\"",
					"\"$(SRCROOT)/na_ios_ghunit\"",
				);
				GCC_PRECOMPILE_PREFIX_HEADER = YES;
				GCC_PREFIX_HEADER = "na_ios_test/na_ios_test-Prefix.pch";
				INFOPLIST_FILE = "na_ios_testTests/na_ios_testTests-Info.plist";
				PRODUCT_NAME = "$(TARGET_NAME)";
				TEST_HOST = "$(BUNDLE_LOADER)";
				WRAPPER_EXTENSION = octest;
			};
			name = Debug;
		};
		34CB496E16267E15009A0E87 /* Release */ = {
			isa = XCBuildConfiguration;
			buildSettings = {
				BUNDLE_LOADER = "$(BUILT_PRODUCTS_DIR)/na_ios_test.app/na_ios_test";
				FRAMEWORK_SEARCH_PATHS = (
					"\"$(SDKROOT)/Developer/Library/Frameworks\"",
					"\"$(DEVELOPER_LIBRARY_DIR)/Frameworks\"",
					"\"$(SRCROOT)/na_ios_ghunit\"",
				);
				GCC_PRECOMPILE_PREFIX_HEADER = YES;
				GCC_PREFIX_HEADER = "na_ios_test/na_ios_test-Prefix.pch";
				INFOPLIST_FILE = "na_ios_testTests/na_ios_testTests-Info.plist";
				PRODUCT_NAME = "$(TARGET_NAME)";
				TEST_HOST = "$(BUNDLE_LOADER)";
				WRAPPER_EXTENSION = octest;
			};
			name = Release;
		};
		34CB4A371626831C009A0E87 /* Debug */ = {
			isa = XCBuildConfiguration;
			buildSettings = {
				"CODE_SIGN_IDENTITY[sdk=iphoneos*]" = "iPhone Developer";
				FRAMEWORK_SEARCH_PATHS = (
					"$(inherited)",
					"\"$(SRCROOT)/na_ios_ghunit\"",
				);
				GCC_PRECOMPILE_PREFIX_HEADER = YES;
				GCC_PREFIX_HEADER = "na_ios_ghunit/na_ios_ghunit-Prefix.pch";
				INFOPLIST_FILE = "na_ios_ghunit/na_ios_ghunit-Info.plist";
				OTHER_LDFLAGS = "-ObjC";
				PRODUCT_NAME = "$(TARGET_NAME)";
				WRAPPER_EXTENSION = app;
			};
			name = Debug;
		};
		34CB4A381626831C009A0E87 /* Release */ = {
			isa = XCBuildConfiguration;
			buildSettings = {
				"CODE_SIGN_IDENTITY[sdk=iphoneos*]" = "iPhone Developer";
				FRAMEWORK_SEARCH_PATHS = (
					"$(inherited)",
					"\"$(SRCROOT)/na_ios_ghunit\"",
				);
				GCC_PRECOMPILE_PREFIX_HEADER = YES;
				GCC_PREFIX_HEADER = "na_ios_ghunit/na_ios_ghunit-Prefix.pch";
				INFOPLIST_FILE = "na_ios_ghunit/na_ios_ghunit-Info.plist";
				OTHER_LDFLAGS = "-ObjC";
				PRODUCT_NAME = "$(TARGET_NAME)";
				WRAPPER_EXTENSION = app;
			};
			name = Release;
		};
/* End XCBuildConfiguration section */

/* Begin XCConfigurationList section */
		34CB492A16267E15009A0E87 /* Build configuration list for PBXProject "na_ios_test" */ = {
			isa = XCConfigurationList;
			buildConfigurations = (
				34CB496716267E15009A0E87 /* Debug */,
				34CB496816267E15009A0E87 /* Release */,
			);
			defaultConfigurationIsVisible = 0;
			defaultConfigurationName = Release;
		};
		34CB496916267E15009A0E87 /* Build configuration list for PBXNativeTarget "na_ios_test" */ = {
			isa = XCConfigurationList;
			buildConfigurations = (
				34CB496A16267E15009A0E87 /* Debug */,
				34CB496B16267E15009A0E87 /* Release */,
			);
			defaultConfigurationIsVisible = 0;
			defaultConfigurationName = Release;
		};
		34CB496C16267E15009A0E87 /* Build configuration list for PBXNativeTarget "na_ios_testTests" */ = {
			isa = XCConfigurationList;
			buildConfigurations = (
				34CB496D16267E15009A0E87 /* Debug */,
				34CB496E16267E15009A0E87 /* Release */,
			);
			defaultConfigurationIsVisible = 0;
			defaultConfigurationName = Release;
		};
		34CB4A361626831C009A0E87 /* Build configuration list for PBXNativeTarget "na_ios_ghunit" */ = {
			isa = XCConfigurationList;
			buildConfigurations = (
				34CB4A371626831C009A0E87 /* Debug */,
				34CB4A381626831C009A0E87 /* Release */,
			);
			defaultConfigurationIsVisible = 0;
			defaultConfigurationName = Release;
		};
/* End XCConfigurationList section */

/* Begin XCVersionGroup section */
		3498FD151627B2560016EF72 /* hoge.xcdatamodeld */ = {
			isa = XCVersionGroup;
			children = (
				3498FD161627B2560016EF72 /* hoge.xcdatamodel */,
			);
			currentVersion = 3498FD161627B2560016EF72 /* hoge.xcdatamodel */;
			path = hoge.xcdatamodeld;
			sourceTree = "<group>";
			versionGroupType = wrapper.xcdatamodel;
		};
		34CB494E16267E15009A0E87 /* na_ios_test.xcdatamodeld */ = {
			isa = XCVersionGroup;
			children = (
				34CB494F16267E15009A0E87 /* na_ios_test.xcdatamodel */,
			);
			currentVersion = 34CB494F16267E15009A0E87 /* na_ios_test.xcdatamodel */;
			path = na_ios_test.xcdatamodeld;
			sourceTree = "<group>";
			versionGroupType = wrapper.xcdatamodel;
		};
/* End XCVersionGroup section */
	};
	rootObject = 34CB492716267E15009A0E87 /* Project object */;
}
